// !$*UTF8*$!
{
	archiveVersion = 1;
	classes = {
	};
	objectVersion = 46;
	objects = {

/* Begin PBXBuildFile section */
		5510ED791C72EFCD0042C3B5 /* JWRangeSliderViewController.m in Sources */ = {isa = PBXBuildFile; fileRef = F40D641F1C5379E5000C1E8E /* JWRangeSliderViewController.m */; };
		5525FE8C1C3727430081FB23 /* main.m in Sources */ = {isa = PBXBuildFile; fileRef = 5525FE8B1C3727430081FB23 /* main.m */; };
		5525FE8F1C3727430081FB23 /* AppDelegate.m in Sources */ = {isa = PBXBuildFile; fileRef = 5525FE8E1C3727430081FB23 /* AppDelegate.m */; };
		5525FE921C3727430081FB23 /* MasterViewController.m in Sources */ = {isa = PBXBuildFile; fileRef = 5525FE911C3727430081FB23 /* MasterViewController.m */; };
		5525FE951C3727430081FB23 /* DetailViewController.m in Sources */ = {isa = PBXBuildFile; fileRef = 5525FE941C3727430081FB23 /* DetailViewController.m */; };
		5525FE981C3727430081FB23 /* Main.storyboard in Resources */ = {isa = PBXBuildFile; fileRef = 5525FE961C3727430081FB23 /* Main.storyboard */; };
		5525FE9A1C3727430081FB23 /* Assets.xcassets in Resources */ = {isa = PBXBuildFile; fileRef = 5525FE991C3727430081FB23 /* Assets.xcassets */; };
		5525FE9D1C3727430081FB23 /* LaunchScreen.storyboard in Resources */ = {isa = PBXBuildFile; fileRef = 5525FE9B1C3727430081FB23 /* LaunchScreen.storyboard */; };
		5525FEA81C3727430081FB23 /* JWMixAudioScrubberTests.m in Sources */ = {isa = PBXBuildFile; fileRef = 5525FEA71C3727430081FB23 /* JWMixAudioScrubberTests.m */; };
		5525FEB31C3727430081FB23 /* JWMixAudioScrubberUITests.m in Sources */ = {isa = PBXBuildFile; fileRef = 5525FEB21C3727430081FB23 /* JWMixAudioScrubberUITests.m */; };
		5525FECC1C3728ED0081FB23 /* JWPlayerFileInfo.m in Sources */ = {isa = PBXBuildFile; fileRef = 5525FEC91C3728ED0081FB23 /* JWPlayerFileInfo.m */; };
		5525FECD1C3728ED0081FB23 /* JWUITransportButton.m in Sources */ = {isa = PBXBuildFile; fileRef = 5525FECB1C3728ED0081FB23 /* JWUITransportButton.m */; };
		5525FED51C3729130081FB23 /* JWAudioPlayerController.m in Sources */ = {isa = PBXBuildFile; fileRef = 5525FECF1C3729130081FB23 /* JWAudioPlayerController.m */; };
		5525FED61C3729130081FB23 /* JWLoopAudioPlayerController.m in Sources */ = {isa = PBXBuildFile; fileRef = 5525FED11C3729130081FB23 /* JWLoopAudioPlayerController.m */; };
		5525FED71C3729130081FB23 /* JWPlayerControlsViewController.m in Sources */ = {isa = PBXBuildFile; fileRef = 5525FED41C3729130081FB23 /* JWPlayerControlsViewController.m */; };
		5525FEEB1C37295C0081FB23 /* JWBufferSampler.m in Sources */ = {isa = PBXBuildFile; fileRef = 5525FED91C37295C0081FB23 /* JWBufferSampler.m */; };
		5525FEEC1C37295C0081FB23 /* JWPulseLightView.m in Sources */ = {isa = PBXBuildFile; fileRef = 5525FEDB1C37295C0081FB23 /* JWPulseLightView.m */; };
		5525FEED1C37295C0081FB23 /* JWScalingVisualAudioBufferView.m in Sources */ = {isa = PBXBuildFile; fileRef = 5525FEDD1C37295C0081FB23 /* JWScalingVisualAudioBufferView.m */; };
		5525FEEE1C37295C0081FB23 /* JWScrubberClipEndsLayer.m in Sources */ = {isa = PBXBuildFile; fileRef = 5525FEE01C37295C0081FB23 /* JWScrubberClipEndsLayer.m */; };
		5525FEEF1C37295C0081FB23 /* JWScrubberController.m in Sources */ = {isa = PBXBuildFile; fileRef = 5525FEE21C37295C0081FB23 /* JWScrubberController.m */; };
		5525FEF01C37295C0081FB23 /* JWScrubberDemoController.m in Sources */ = {isa = PBXBuildFile; fileRef = 5525FEE41C37295C0081FB23 /* JWScrubberDemoController.m */; };
		5525FEF11C37295C0081FB23 /* JWScrubberGradientLayer.m in Sources */ = {isa = PBXBuildFile; fileRef = 5525FEE61C37295C0081FB23 /* JWScrubberGradientLayer.m */; };
		5525FEF21C37295C0081FB23 /* JWScrubberViewController.m in Sources */ = {isa = PBXBuildFile; fileRef = 5525FEE81C37295C0081FB23 /* JWScrubberViewController.m */; };
		5525FEF31C37295C0081FB23 /* JWVisualAudioBufferView.m in Sources */ = {isa = PBXBuildFile; fileRef = 5525FEEA1C37295C0081FB23 /* JWVisualAudioBufferView.m */; };
		5525FF021C37298B0081FB23 /* JWEffectParametersTableViewCell.m in Sources */ = {isa = PBXBuildFile; fileRef = 5525FEF51C37298B0081FB23 /* JWEffectParametersTableViewCell.m */; };
		5525FF031C37298B0081FB23 /* JWEffectPresetTableViewCell.m in Sources */ = {isa = PBXBuildFile; fileRef = 5525FEF71C37298B0081FB23 /* JWEffectPresetTableViewCell.m */; };
		5525FF041C37298B0081FB23 /* JWMixEditTableViewController.m in Sources */ = {isa = PBXBuildFile; fileRef = 5525FEF91C37298B0081FB23 /* JWMixEditTableViewController.m */; };
		5525FF051C37298B0081FB23 /* JWRecorderTableViewCell.m in Sources */ = {isa = PBXBuildFile; fileRef = 5525FEFB1C37298B0081FB23 /* JWRecorderTableViewCell.m */; };
		5525FF061C37298B0081FB23 /* JWSliderAndSwitchTableViewCell.m in Sources */ = {isa = PBXBuildFile; fileRef = 5525FEFD1C37298B0081FB23 /* JWSliderAndSwitchTableViewCell.m */; };
		5525FF071C37298B0081FB23 /* JWSliderTableViewCell.m in Sources */ = {isa = PBXBuildFile; fileRef = 5525FEFF1C37298B0081FB23 /* JWSliderTableViewCell.m */; };
		5525FF081C37298B0081FB23 /* JWTableHeaderView.m in Sources */ = {isa = PBXBuildFile; fileRef = 5525FF011C37298B0081FB23 /* JWTableHeaderView.m */; };
		5525FF261C3729980081FB23 /* AVAudioMixerNode+JW.m in Sources */ = {isa = PBXBuildFile; fileRef = 5525FF0A1C3729980081FB23 /* AVAudioMixerNode+JW.m */; };
		5525FF271C3729980081FB23 /* AVAudioPlayerNode+JW.m in Sources */ = {isa = PBXBuildFile; fileRef = 5525FF0C1C3729980081FB23 /* AVAudioPlayerNode+JW.m */; };
		5525FF281C3729980081FB23 /* AVAudioUnitDelay+JW.m in Sources */ = {isa = PBXBuildFile; fileRef = 5525FF0E1C3729980081FB23 /* AVAudioUnitDelay+JW.m */; };
		5525FF291C3729980081FB23 /* AVAudioUnitDistortion+JW.m in Sources */ = {isa = PBXBuildFile; fileRef = 5525FF101C3729980081FB23 /* AVAudioUnitDistortion+JW.m */; };
		5525FF2A1C3729980081FB23 /* AVAudioUnitReverb+JW.m in Sources */ = {isa = PBXBuildFile; fileRef = 5525FF121C3729980081FB23 /* AVAudioUnitReverb+JW.m */; };
		5525FF2B1C3729980081FB23 /* JWAudioEngine.m in Sources */ = {isa = PBXBuildFile; fileRef = 5525FF141C3729980081FB23 /* JWAudioEngine.m */; };
		5525FF2C1C3729980081FB23 /* JWAudioRecorderController.m in Sources */ = {isa = PBXBuildFile; fileRef = 5525FF161C3729980081FB23 /* JWAudioRecorderController.m */; };
		5525FF301C3729980081FB23 /* JWMTAudioEngine.m in Sources */ = {isa = PBXBuildFile; fileRef = 5525FF211C3729980081FB23 /* JWMTAudioEngine.m */; };
		5525FF311C3729980081FB23 /* JWMTEffectsAudioEngine.m in Sources */ = {isa = PBXBuildFile; fileRef = 5525FF231C3729980081FB23 /* JWMTEffectsAudioEngine.m */; };
		5525FF321C3729980081FB23 /* JWPlayerNode.m in Sources */ = {isa = PBXBuildFile; fileRef = 5525FF251C3729980081FB23 /* JWPlayerNode.m */; };
		5525FF351C372AC00081FB23 /* trimmedMP3-45.m4a in Resources */ = {isa = PBXBuildFile; fileRef = 5525FF331C372AC00081FB23 /* trimmedMP3-45.m4a */; };
		5525FF361C372AC00081FB23 /* trimmedMP3.m4a in Resources */ = {isa = PBXBuildFile; fileRef = 5525FF341C372AC00081FB23 /* trimmedMP3.m4a */; };
		5525FF391C3746280081FB23 /* AminorBackingtrackTrimmedMP3-45.m4a in Resources */ = {isa = PBXBuildFile; fileRef = 5525FF371C3746280081FB23 /* AminorBackingtrackTrimmedMP3-45.m4a */; };
		5525FF3A1C3746280081FB23 /* TheKillersTrimmedMP3-30.m4a in Resources */ = {isa = PBXBuildFile; fileRef = 5525FF381C3746280081FB23 /* TheKillersTrimmedMP3-30.m4a */; };
		5525FF3E1C3764870081FB23 /* clipRecording_aminor1.caf in Resources */ = {isa = PBXBuildFile; fileRef = 5525FF3B1C3764870081FB23 /* clipRecording_aminor1.caf */; };
		5525FF3F1C3764870081FB23 /* clipRecording_killers1.caf in Resources */ = {isa = PBXBuildFile; fileRef = 5525FF3C1C3764870081FB23 /* clipRecording_killers1.caf */; };
		5525FF401C3764870081FB23 /* clipRecording_killers2.caf in Resources */ = {isa = PBXBuildFile; fileRef = 5525FF3D1C3764870081FB23 /* clipRecording_killers2.caf */; };
		55CD12231C38DA74001662CF /* jwfullamps - 3.png in Resources */ = {isa = PBXBuildFile; fileRef = 55CD12221C38DA74001662CF /* jwfullamps - 3.png */; };
		55CD12271C38DB39001662CF /* jwjustscreensandlogos - 2.png in Resources */ = {isa = PBXBuildFile; fileRef = 55CD12261C38DB39001662CF /* jwjustscreensandlogos - 2.png */; };
		55CD122A1C3F16B5001662CF /* YoutubeSearch.storyboard in Resources */ = {isa = PBXBuildFile; fileRef = 55CD12281C3F16B5001662CF /* YoutubeSearch.storyboard */; };
		55CD122D1C3F17C7001662CF /* Other.storyboard in Resources */ = {isa = PBXBuildFile; fileRef = 55CD122B1C3F17C7001662CF /* Other.storyboard */; };
		55CD12301C3F1A37001662CF /* JWFileController.m in Sources */ = {isa = PBXBuildFile; fileRef = 55CD122F1C3F1A37001662CF /* JWFileController.m */; };
		55CD12551C3F6D5E001662CF /* JWAmpItemViewController.m in Sources */ = {isa = PBXBuildFile; fileRef = 55CD12501C3F6D5E001662CF /* JWAmpItemViewController.m */; };
		55CD12561C3F6D5E001662CF /* JWAmpPageViewController.m in Sources */ = {isa = PBXBuildFile; fileRef = 55CD12521C3F6D5E001662CF /* JWAmpPageViewController.m */; };
		55CD12571C3F6D5E001662CF /* JWFilesTableViewController.m in Sources */ = {isa = PBXBuildFile; fileRef = 55CD12541C3F6D5E001662CF /* JWFilesTableViewController.m */; };
		55CD126A1C3F6D71001662CF /* JWFileDowloadController.m in Sources */ = {isa = PBXBuildFile; fileRef = 55CD12591C3F6D71001662CF /* JWFileDowloadController.m */; };
		55CD126C1C3F6D71001662CF /* JWSourceAudioFilesTableViewController.m in Sources */ = {isa = PBXBuildFile; fileRef = 55CD125D1C3F6D71001662CF /* JWSourceAudioFilesTableViewController.m */; };
		55CD126D1C3F6D71001662CF /* JWURLManip.m in Sources */ = {isa = PBXBuildFile; fileRef = 55CD125F1C3F6D71001662CF /* JWURLManip.m */; };
		55CD126E1C3F6D71001662CF /* JWYoutubeMP3ConvertController.m in Sources */ = {isa = PBXBuildFile; fileRef = 55CD12611C3F6D71001662CF /* JWYoutubeMP3ConvertController.m */; };
		55CD126F1C3F6D71001662CF /* JWYoutubeMP3ViewController.m in Sources */ = {isa = PBXBuildFile; fileRef = 55CD12631C3F6D71001662CF /* JWYoutubeMP3ViewController.m */; };
		55CD12701C3F6D71001662CF /* JWYouTubeSearchTypingData.m in Sources */ = {isa = PBXBuildFile; fileRef = 55CD12651C3F6D71001662CF /* JWYouTubeSearchTypingData.m */; };
		55CD12711C3F6D71001662CF /* JWYouTubeVideoData.m in Sources */ = {isa = PBXBuildFile; fileRef = 55CD12671C3F6D71001662CF /* JWYouTubeVideoData.m */; };
		55CD12721C3F6D71001662CF /* JWYTSearchTypingViewController.m in Sources */ = {isa = PBXBuildFile; fileRef = 55CD12691C3F6D71001662CF /* JWYTSearchTypingViewController.m */; };
		55CD12771C3F6D84001662CF /* JWClipAudioController.m in Sources */ = {isa = PBXBuildFile; fileRef = 55CD12741C3F6D84001662CF /* JWClipAudioController.m */; };
		55CD12781C3F6D84001662CF /* JWClipAudioViewController.m in Sources */ = {isa = PBXBuildFile; fileRef = 55CD12761C3F6D84001662CF /* JWClipAudioViewController.m */; };
		55CD127B1C3F6EBD001662CF /* JWCurrentWorkItem.m in Sources */ = {isa = PBXBuildFile; fileRef = 55CD127A1C3F6EBD001662CF /* JWCurrentWorkItem.m */; };
		55CD12821C3F742A001662CF /* JWTrackSetsViewController.m in Sources */ = {isa = PBXBuildFile; fileRef = 55CD12811C3F742A001662CF /* JWTrackSetsViewController.m */; };
		55CD12841C3F7B31001662CF /* JWMedia.xcassets in Resources */ = {isa = PBXBuildFile; fileRef = 55CD12831C3F7B31001662CF /* JWMedia.xcassets */; };
		55CD12871C42AD71001662CF /* JWSourceAudioListsViewController.m in Sources */ = {isa = PBXBuildFile; fileRef = 55CD12861C42AD71001662CF /* JWSourceAudioListsViewController.m */; };
		55CD128C1C461D14001662CF /* JWScrubberTackModify.m in Sources */ = {isa = PBXBuildFile; fileRef = 55CD128B1C461D14001662CF /* JWScrubberTackModify.m */; };
		55CD12DD1C4A588A001662CF /* JWHeaderFooterView.m in Sources */ = {isa = PBXBuildFile; fileRef = 55CD12DC1C4A588A001662CF /* JWHeaderFooterView.m */; };
		55F41C1F1C51D9D0002F3893 /* UIColor+JW.m in Sources */ = {isa = PBXBuildFile; fileRef = 55F41C1E1C51D9D0002F3893 /* UIColor+JW.m */; };
		55F41C221C51EBD2002F3893 /* JWOtherTableViewController.m in Sources */ = {isa = PBXBuildFile; fileRef = 55F41C211C51EBD2002F3893 /* JWOtherTableViewController.m */; };
		55F41C261C5CC1C7002F3893 /* scrub_sq100_enh.png in Resources */ = {isa = PBXBuildFile; fileRef = 55F41C251C5CC1C7002F3893 /* scrub_sq100_enh.png */; };
		55F41C291C5D581D002F3893 /* JWActivityItemProvider.m in Sources */ = {isa = PBXBuildFile; fileRef = 55F41C281C5D581D002F3893 /* JWActivityItemProvider.m */; };
		55F41C2C1C5D5C5A002F3893 /* JWFileTransferActivity.m in Sources */ = {isa = PBXBuildFile; fileRef = 55F41C2B1C5D5C5A002F3893 /* JWFileTransferActivity.m */; };
		F40D64171C53799E000C1E8E /* CERangeSlider.m in Sources */ = {isa = PBXBuildFile; fileRef = F40D64081C53799E000C1E8E /* CERangeSlider.m */; };
		F40D64181C53799E000C1E8E /* CERangeSliderKnob.m in Sources */ = {isa = PBXBuildFile; fileRef = F40D640A1C53799E000C1E8E /* CERangeSliderKnob.m */; };
		F40D64191C53799E000C1E8E /* CERangeSliderTrack.m in Sources */ = {isa = PBXBuildFile; fileRef = F40D640C1C53799E000C1E8E /* CERangeSliderTrack.m */; };
		F40D641A1C53799E000C1E8E /* CETimeCountLayer.m in Sources */ = {isa = PBXBuildFile; fileRef = F40D640E1C53799E000C1E8E /* CETimeCountLayer.m */; };
		F40D64261C574AC5000C1E8E /* JWClipAudioHelperViewController.m in Sources */ = {isa = PBXBuildFile; fileRef = F40D64241C574AC5000C1E8E /* JWClipAudioHelperViewController.m */; };
		F48AEBFF1C6D077B0044ACE8 /* Server_Parameter_Ideas in Resources */ = {isa = PBXBuildFile; fileRef = F48AEBFE1C6D077B0044ACE8 /* Server_Parameter_Ideas */; };
		F48AEC041C711D6A0044ACE8 /* JWCommon.m in Sources */ = {isa = PBXBuildFile; fileRef = F48AEC011C711D6A0044ACE8 /* JWCommon.m */; };
		F48AEC051C711D6A0044ACE8 /* JWCustomCellBackground.m in Sources */ = {isa = PBXBuildFile; fileRef = F48AEC031C711D6A0044ACE8 /* JWCustomCellBackground.m */; };
		F48AEC081C711D870044ACE8 /* JWAudioPlayerCameraController.m in Sources */ = {isa = PBXBuildFile; fileRef = F48AEC071C711D870044ACE8 /* JWAudioPlayerCameraController.m */; };
		F48AEC0C1C711DAE0044ACE8 /* JWCameraViewController.m in Sources */ = {isa = PBXBuildFile; fileRef = F48AEC0B1C711DAE0044ACE8 /* JWCameraViewController.m */; };
		F4F2D51E1C9142EF00D0AC99 /* JWEffectPresetsTableViewController.m in Sources */ = {isa = PBXBuildFile; fileRef = F4F2D51D1C9142EF00D0AC99 /* JWEffectPresetsTableViewController.m */; };
/* End PBXBuildFile section */

/* Begin PBXContainerItemProxy section */
		5525FEA41C3727430081FB23 /* PBXContainerItemProxy */ = {
			isa = PBXContainerItemProxy;
			containerPortal = 5525FE7F1C3727430081FB23 /* Project object */;
			proxyType = 1;
			remoteGlobalIDString = 5525FE861C3727430081FB23;
			remoteInfo = JWMixAudioScrubber;
		};
		5525FEAF1C3727430081FB23 /* PBXContainerItemProxy */ = {
			isa = PBXContainerItemProxy;
			containerPortal = 5525FE7F1C3727430081FB23 /* Project object */;
			proxyType = 1;
			remoteGlobalIDString = 5525FE861C3727430081FB23;
			remoteInfo = JWMixAudioScrubber;
		};
/* End PBXContainerItemProxy section */

/* Begin PBXFileReference section */
		5525FE871C3727430081FB23 /* JamWDevM.app */ = {isa = PBXFileReference; explicitFileType = wrapper.application; includeInIndex = 0; path = JamWDevM.app; sourceTree = BUILT_PRODUCTS_DIR; };
		5525FE8B1C3727430081FB23 /* main.m */ = {isa = PBXFileReference; lastKnownFileType = sourcecode.c.objc; path = main.m; sourceTree = "<group>"; };
		5525FE8D1C3727430081FB23 /* AppDelegate.h */ = {isa = PBXFileReference; lastKnownFileType = sourcecode.c.h; lineEnding = 0; path = AppDelegate.h; sourceTree = "<group>"; xcLanguageSpecificationIdentifier = xcode.lang.objcpp; };
		5525FE8E1C3727430081FB23 /* AppDelegate.m */ = {isa = PBXFileReference; lastKnownFileType = sourcecode.c.objc; lineEnding = 0; path = AppDelegate.m; sourceTree = "<group>"; xcLanguageSpecificationIdentifier = xcode.lang.objc; };
		5525FE901C3727430081FB23 /* MasterViewController.h */ = {isa = PBXFileReference; lastKnownFileType = sourcecode.c.h; path = MasterViewController.h; sourceTree = "<group>"; };
		5525FE911C3727430081FB23 /* MasterViewController.m */ = {isa = PBXFileReference; lastKnownFileType = sourcecode.c.objc; path = MasterViewController.m; sourceTree = "<group>"; };
		5525FE931C3727430081FB23 /* DetailViewController.h */ = {isa = PBXFileReference; lastKnownFileType = sourcecode.c.h; path = DetailViewController.h; sourceTree = "<group>"; };
		5525FE941C3727430081FB23 /* DetailViewController.m */ = {isa = PBXFileReference; lastKnownFileType = sourcecode.c.objc; path = DetailViewController.m; sourceTree = "<group>"; };
		5525FE971C3727430081FB23 /* Base */ = {isa = PBXFileReference; lastKnownFileType = file.storyboard; name = Base; path = Base.lproj/Main.storyboard; sourceTree = "<group>"; };
		5525FE991C3727430081FB23 /* Assets.xcassets */ = {isa = PBXFileReference; lastKnownFileType = folder.assetcatalog; path = Assets.xcassets; sourceTree = "<group>"; };
		5525FE9C1C3727430081FB23 /* Base */ = {isa = PBXFileReference; lastKnownFileType = file.storyboard; name = Base; path = Base.lproj/LaunchScreen.storyboard; sourceTree = "<group>"; };
		5525FE9E1C3727430081FB23 /* Info.plist */ = {isa = PBXFileReference; lastKnownFileType = text.plist.xml; path = Info.plist; sourceTree = "<group>"; };
		5525FEA31C3727430081FB23 /* JamWDev.xctest */ = {isa = PBXFileReference; explicitFileType = wrapper.cfbundle; includeInIndex = 0; path = JamWDev.xctest; sourceTree = BUILT_PRODUCTS_DIR; };
		5525FEA71C3727430081FB23 /* JWMixAudioScrubberTests.m */ = {isa = PBXFileReference; lastKnownFileType = sourcecode.c.objc; path = JWMixAudioScrubberTests.m; sourceTree = "<group>"; };
		5525FEA91C3727430081FB23 /* Info.plist */ = {isa = PBXFileReference; lastKnownFileType = text.plist.xml; path = Info.plist; sourceTree = "<group>"; };
		5525FEAE1C3727430081FB23 /* JamWDev.xctest */ = {isa = PBXFileReference; explicitFileType = wrapper.cfbundle; includeInIndex = 0; path = JamWDev.xctest; sourceTree = BUILT_PRODUCTS_DIR; };
		5525FEB21C3727430081FB23 /* JWMixAudioScrubberUITests.m */ = {isa = PBXFileReference; lastKnownFileType = sourcecode.c.objc; path = JWMixAudioScrubberUITests.m; sourceTree = "<group>"; };
		5525FEB41C3727430081FB23 /* Info.plist */ = {isa = PBXFileReference; lastKnownFileType = text.plist.xml; path = Info.plist; sourceTree = "<group>"; };
		5525FEC81C3728ED0081FB23 /* JWPlayerFileInfo.h */ = {isa = PBXFileReference; fileEncoding = 4; lastKnownFileType = sourcecode.c.h; name = JWPlayerFileInfo.h; path = Common/JWPlayerFileInfo.h; sourceTree = "<group>"; };
		5525FEC91C3728ED0081FB23 /* JWPlayerFileInfo.m */ = {isa = PBXFileReference; fileEncoding = 4; lastKnownFileType = sourcecode.c.objc; name = JWPlayerFileInfo.m; path = Common/JWPlayerFileInfo.m; sourceTree = "<group>"; };
		5525FECA1C3728ED0081FB23 /* JWUITransportButton.h */ = {isa = PBXFileReference; fileEncoding = 4; lastKnownFileType = sourcecode.c.h; name = JWUITransportButton.h; path = Common/JWUITransportButton.h; sourceTree = "<group>"; };
		5525FECB1C3728ED0081FB23 /* JWUITransportButton.m */ = {isa = PBXFileReference; fileEncoding = 4; lastKnownFileType = sourcecode.c.objc; name = JWUITransportButton.m; path = Common/JWUITransportButton.m; sourceTree = "<group>"; };
		5525FECE1C3729130081FB23 /* JWAudioPlayerController.h */ = {isa = PBXFileReference; fileEncoding = 4; lastKnownFileType = sourcecode.c.h; name = JWAudioPlayerController.h; path = AudioScrubber/JWAudioPlayerController.h; sourceTree = "<group>"; };
		5525FECF1C3729130081FB23 /* JWAudioPlayerController.m */ = {isa = PBXFileReference; fileEncoding = 4; lastKnownFileType = sourcecode.c.objc; name = JWAudioPlayerController.m; path = AudioScrubber/JWAudioPlayerController.m; sourceTree = "<group>"; };
		5525FED01C3729130081FB23 /* JWLoopAudioPlayerController.h */ = {isa = PBXFileReference; fileEncoding = 4; lastKnownFileType = sourcecode.c.h; name = JWLoopAudioPlayerController.h; path = AudioScrubber/JWLoopAudioPlayerController.h; sourceTree = "<group>"; };
		5525FED11C3729130081FB23 /* JWLoopAudioPlayerController.m */ = {isa = PBXFileReference; fileEncoding = 4; lastKnownFileType = sourcecode.c.objc; name = JWLoopAudioPlayerController.m; path = AudioScrubber/JWLoopAudioPlayerController.m; sourceTree = "<group>"; };
		5525FED21C3729130081FB23 /* JWPlayerControlsProtocol.h */ = {isa = PBXFileReference; fileEncoding = 4; lastKnownFileType = sourcecode.c.h; name = JWPlayerControlsProtocol.h; path = AudioScrubber/JWPlayerControlsProtocol.h; sourceTree = "<group>"; };
		5525FED31C3729130081FB23 /* JWPlayerControlsViewController.h */ = {isa = PBXFileReference; fileEncoding = 4; lastKnownFileType = sourcecode.c.h; name = JWPlayerControlsViewController.h; path = AudioScrubber/JWPlayerControlsViewController.h; sourceTree = "<group>"; };
		5525FED41C3729130081FB23 /* JWPlayerControlsViewController.m */ = {isa = PBXFileReference; fileEncoding = 4; lastKnownFileType = sourcecode.c.objc; name = JWPlayerControlsViewController.m; path = AudioScrubber/JWPlayerControlsViewController.m; sourceTree = "<group>"; };
		5525FED81C37295C0081FB23 /* JWBufferSampler.h */ = {isa = PBXFileReference; fileEncoding = 4; lastKnownFileType = sourcecode.c.h; lineEnding = 0; name = JWBufferSampler.h; path = Scrubber/JWBufferSampler.h; sourceTree = "<group>"; xcLanguageSpecificationIdentifier = xcode.lang.objcpp; };
		5525FED91C37295C0081FB23 /* JWBufferSampler.m */ = {isa = PBXFileReference; fileEncoding = 4; lastKnownFileType = sourcecode.c.objc; lineEnding = 0; name = JWBufferSampler.m; path = Scrubber/JWBufferSampler.m; sourceTree = "<group>"; xcLanguageSpecificationIdentifier = xcode.lang.objc; };
		5525FEDA1C37295C0081FB23 /* JWPulseLightView.h */ = {isa = PBXFileReference; fileEncoding = 4; lastKnownFileType = sourcecode.c.h; name = JWPulseLightView.h; path = Scrubber/JWPulseLightView.h; sourceTree = "<group>"; };
		5525FEDB1C37295C0081FB23 /* JWPulseLightView.m */ = {isa = PBXFileReference; fileEncoding = 4; lastKnownFileType = sourcecode.c.objc; name = JWPulseLightView.m; path = Scrubber/JWPulseLightView.m; sourceTree = "<group>"; };
		5525FEDC1C37295C0081FB23 /* JWScalingVisualAudioBufferView.h */ = {isa = PBXFileReference; fileEncoding = 4; lastKnownFileType = sourcecode.c.h; name = JWScalingVisualAudioBufferView.h; path = Scrubber/JWScalingVisualAudioBufferView.h; sourceTree = "<group>"; };
		5525FEDD1C37295C0081FB23 /* JWScalingVisualAudioBufferView.m */ = {isa = PBXFileReference; fileEncoding = 4; lastKnownFileType = sourcecode.c.objc; name = JWScalingVisualAudioBufferView.m; path = Scrubber/JWScalingVisualAudioBufferView.m; sourceTree = "<group>"; };
		5525FEDE1C37295C0081FB23 /* JWScrubber.h */ = {isa = PBXFileReference; fileEncoding = 4; lastKnownFileType = sourcecode.c.h; name = JWScrubber.h; path = Scrubber/JWScrubber.h; sourceTree = "<group>"; };
		5525FEDF1C37295C0081FB23 /* JWScrubberClipEndsLayer.h */ = {isa = PBXFileReference; fileEncoding = 4; lastKnownFileType = sourcecode.c.h; name = JWScrubberClipEndsLayer.h; path = Scrubber/JWScrubberClipEndsLayer.h; sourceTree = "<group>"; };
		5525FEE01C37295C0081FB23 /* JWScrubberClipEndsLayer.m */ = {isa = PBXFileReference; fileEncoding = 4; lastKnownFileType = sourcecode.c.objc; name = JWScrubberClipEndsLayer.m; path = Scrubber/JWScrubberClipEndsLayer.m; sourceTree = "<group>"; };
		5525FEE11C37295C0081FB23 /* JWScrubberController.h */ = {isa = PBXFileReference; fileEncoding = 4; lastKnownFileType = sourcecode.c.h; name = JWScrubberController.h; path = Scrubber/JWScrubberController.h; sourceTree = "<group>"; };
		5525FEE21C37295C0081FB23 /* JWScrubberController.m */ = {isa = PBXFileReference; fileEncoding = 4; lastKnownFileType = sourcecode.c.objc; name = JWScrubberController.m; path = Scrubber/JWScrubberController.m; sourceTree = "<group>"; };
		5525FEE31C37295C0081FB23 /* JWScrubberDemoController.h */ = {isa = PBXFileReference; fileEncoding = 4; lastKnownFileType = sourcecode.c.h; name = JWScrubberDemoController.h; path = Scrubber/JWScrubberDemoController.h; sourceTree = "<group>"; };
		5525FEE41C37295C0081FB23 /* JWScrubberDemoController.m */ = {isa = PBXFileReference; fileEncoding = 4; lastKnownFileType = sourcecode.c.objc; name = JWScrubberDemoController.m; path = Scrubber/JWScrubberDemoController.m; sourceTree = "<group>"; };
		5525FEE51C37295C0081FB23 /* JWScrubberGradientLayer.h */ = {isa = PBXFileReference; fileEncoding = 4; lastKnownFileType = sourcecode.c.h; name = JWScrubberGradientLayer.h; path = Scrubber/JWScrubberGradientLayer.h; sourceTree = "<group>"; };
		5525FEE61C37295C0081FB23 /* JWScrubberGradientLayer.m */ = {isa = PBXFileReference; fileEncoding = 4; lastKnownFileType = sourcecode.c.objc; name = JWScrubberGradientLayer.m; path = Scrubber/JWScrubberGradientLayer.m; sourceTree = "<group>"; };
		5525FEE71C37295C0081FB23 /* JWScrubberViewController.h */ = {isa = PBXFileReference; fileEncoding = 4; lastKnownFileType = sourcecode.c.h; name = JWScrubberViewController.h; path = Scrubber/JWScrubberViewController.h; sourceTree = "<group>"; };
		5525FEE81C37295C0081FB23 /* JWScrubberViewController.m */ = {isa = PBXFileReference; fileEncoding = 4; lastKnownFileType = sourcecode.c.objc; name = JWScrubberViewController.m; path = Scrubber/JWScrubberViewController.m; sourceTree = "<group>"; };
		5525FEE91C37295C0081FB23 /* JWVisualAudioBufferView.h */ = {isa = PBXFileReference; fileEncoding = 4; lastKnownFileType = sourcecode.c.h; name = JWVisualAudioBufferView.h; path = Scrubber/JWVisualAudioBufferView.h; sourceTree = "<group>"; };
		5525FEEA1C37295C0081FB23 /* JWVisualAudioBufferView.m */ = {isa = PBXFileReference; fileEncoding = 4; lastKnownFileType = sourcecode.c.objc; name = JWVisualAudioBufferView.m; path = Scrubber/JWVisualAudioBufferView.m; sourceTree = "<group>"; };
		5525FEF41C37298B0081FB23 /* JWEffectParametersTableViewCell.h */ = {isa = PBXFileReference; fileEncoding = 4; lastKnownFileType = sourcecode.c.h; name = JWEffectParametersTableViewCell.h; path = MixEdit/JWEffectParametersTableViewCell.h; sourceTree = "<group>"; };
		5525FEF51C37298B0081FB23 /* JWEffectParametersTableViewCell.m */ = {isa = PBXFileReference; fileEncoding = 4; lastKnownFileType = sourcecode.c.objc; name = JWEffectParametersTableViewCell.m; path = MixEdit/JWEffectParametersTableViewCell.m; sourceTree = "<group>"; };
		5525FEF61C37298B0081FB23 /* JWEffectPresetTableViewCell.h */ = {isa = PBXFileReference; fileEncoding = 4; lastKnownFileType = sourcecode.c.h; name = JWEffectPresetTableViewCell.h; path = MixEdit/JWEffectPresetTableViewCell.h; sourceTree = "<group>"; };
		5525FEF71C37298B0081FB23 /* JWEffectPresetTableViewCell.m */ = {isa = PBXFileReference; fileEncoding = 4; lastKnownFileType = sourcecode.c.objc; name = JWEffectPresetTableViewCell.m; path = MixEdit/JWEffectPresetTableViewCell.m; sourceTree = "<group>"; };
		5525FEF81C37298B0081FB23 /* JWMixEditTableViewController.h */ = {isa = PBXFileReference; fileEncoding = 4; lastKnownFileType = sourcecode.c.h; name = JWMixEditTableViewController.h; path = MixEdit/JWMixEditTableViewController.h; sourceTree = "<group>"; };
		5525FEF91C37298B0081FB23 /* JWMixEditTableViewController.m */ = {isa = PBXFileReference; fileEncoding = 4; lastKnownFileType = sourcecode.c.objc; name = JWMixEditTableViewController.m; path = MixEdit/JWMixEditTableViewController.m; sourceTree = "<group>"; };
		5525FEFA1C37298B0081FB23 /* JWRecorderTableViewCell.h */ = {isa = PBXFileReference; fileEncoding = 4; lastKnownFileType = sourcecode.c.h; name = JWRecorderTableViewCell.h; path = MixEdit/JWRecorderTableViewCell.h; sourceTree = "<group>"; };
		5525FEFB1C37298B0081FB23 /* JWRecorderTableViewCell.m */ = {isa = PBXFileReference; fileEncoding = 4; lastKnownFileType = sourcecode.c.objc; name = JWRecorderTableViewCell.m; path = MixEdit/JWRecorderTableViewCell.m; sourceTree = "<group>"; };
		5525FEFC1C37298B0081FB23 /* JWSliderAndSwitchTableViewCell.h */ = {isa = PBXFileReference; fileEncoding = 4; lastKnownFileType = sourcecode.c.h; name = JWSliderAndSwitchTableViewCell.h; path = MixEdit/JWSliderAndSwitchTableViewCell.h; sourceTree = "<group>"; };
		5525FEFD1C37298B0081FB23 /* JWSliderAndSwitchTableViewCell.m */ = {isa = PBXFileReference; fileEncoding = 4; lastKnownFileType = sourcecode.c.objc; name = JWSliderAndSwitchTableViewCell.m; path = MixEdit/JWSliderAndSwitchTableViewCell.m; sourceTree = "<group>"; };
		5525FEFE1C37298B0081FB23 /* JWSliderTableViewCell.h */ = {isa = PBXFileReference; fileEncoding = 4; lastKnownFileType = sourcecode.c.h; name = JWSliderTableViewCell.h; path = MixEdit/JWSliderTableViewCell.h; sourceTree = "<group>"; };
		5525FEFF1C37298B0081FB23 /* JWSliderTableViewCell.m */ = {isa = PBXFileReference; fileEncoding = 4; lastKnownFileType = sourcecode.c.objc; name = JWSliderTableViewCell.m; path = MixEdit/JWSliderTableViewCell.m; sourceTree = "<group>"; };
		5525FF001C37298B0081FB23 /* JWTableHeaderView.h */ = {isa = PBXFileReference; fileEncoding = 4; lastKnownFileType = sourcecode.c.h; name = JWTableHeaderView.h; path = MixEdit/JWTableHeaderView.h; sourceTree = "<group>"; };
		5525FF011C37298B0081FB23 /* JWTableHeaderView.m */ = {isa = PBXFileReference; fileEncoding = 4; lastKnownFileType = sourcecode.c.objc; name = JWTableHeaderView.m; path = MixEdit/JWTableHeaderView.m; sourceTree = "<group>"; };
		5525FF091C3729980081FB23 /* AVAudioMixerNode+JW.h */ = {isa = PBXFileReference; fileEncoding = 4; lastKnownFileType = sourcecode.c.h; lineEnding = 0; name = "AVAudioMixerNode+JW.h"; path = "Audio/AVAudioMixerNode+JW.h"; sourceTree = "<group>"; xcLanguageSpecificationIdentifier = xcode.lang.objcpp; };
		5525FF0A1C3729980081FB23 /* AVAudioMixerNode+JW.m */ = {isa = PBXFileReference; fileEncoding = 4; lastKnownFileType = sourcecode.c.objc; lineEnding = 0; name = "AVAudioMixerNode+JW.m"; path = "Audio/AVAudioMixerNode+JW.m"; sourceTree = "<group>"; xcLanguageSpecificationIdentifier = xcode.lang.objc; };
		5525FF0B1C3729980081FB23 /* AVAudioPlayerNode+JW.h */ = {isa = PBXFileReference; fileEncoding = 4; lastKnownFileType = sourcecode.c.h; lineEnding = 0; name = "AVAudioPlayerNode+JW.h"; path = "Audio/AVAudioPlayerNode+JW.h"; sourceTree = "<group>"; xcLanguageSpecificationIdentifier = xcode.lang.objcpp; };
		5525FF0C1C3729980081FB23 /* AVAudioPlayerNode+JW.m */ = {isa = PBXFileReference; fileEncoding = 4; lastKnownFileType = sourcecode.c.objc; lineEnding = 0; name = "AVAudioPlayerNode+JW.m"; path = "Audio/AVAudioPlayerNode+JW.m"; sourceTree = "<group>"; xcLanguageSpecificationIdentifier = xcode.lang.objc; };
		5525FF0D1C3729980081FB23 /* AVAudioUnitDelay+JW.h */ = {isa = PBXFileReference; fileEncoding = 4; lastKnownFileType = sourcecode.c.h; lineEnding = 0; name = "AVAudioUnitDelay+JW.h"; path = "Audio/AVAudioUnitDelay+JW.h"; sourceTree = "<group>"; xcLanguageSpecificationIdentifier = xcode.lang.objcpp; };
		5525FF0E1C3729980081FB23 /* AVAudioUnitDelay+JW.m */ = {isa = PBXFileReference; fileEncoding = 4; lastKnownFileType = sourcecode.c.objc; lineEnding = 0; name = "AVAudioUnitDelay+JW.m"; path = "Audio/AVAudioUnitDelay+JW.m"; sourceTree = "<group>"; xcLanguageSpecificationIdentifier = xcode.lang.objc; };
		5525FF0F1C3729980081FB23 /* AVAudioUnitDistortion+JW.h */ = {isa = PBXFileReference; fileEncoding = 4; lastKnownFileType = sourcecode.c.h; lineEnding = 0; name = "AVAudioUnitDistortion+JW.h"; path = "Audio/AVAudioUnitDistortion+JW.h"; sourceTree = "<group>"; xcLanguageSpecificationIdentifier = xcode.lang.objcpp; };
		5525FF101C3729980081FB23 /* AVAudioUnitDistortion+JW.m */ = {isa = PBXFileReference; fileEncoding = 4; lastKnownFileType = sourcecode.c.objc; lineEnding = 0; name = "AVAudioUnitDistortion+JW.m"; path = "Audio/AVAudioUnitDistortion+JW.m"; sourceTree = "<group>"; xcLanguageSpecificationIdentifier = xcode.lang.objc; };
		5525FF111C3729980081FB23 /* AVAudioUnitReverb+JW.h */ = {isa = PBXFileReference; fileEncoding = 4; lastKnownFileType = sourcecode.c.h; lineEnding = 0; name = "AVAudioUnitReverb+JW.h"; path = "Audio/AVAudioUnitReverb+JW.h"; sourceTree = "<group>"; xcLanguageSpecificationIdentifier = xcode.lang.objcpp; };
		5525FF121C3729980081FB23 /* AVAudioUnitReverb+JW.m */ = {isa = PBXFileReference; fileEncoding = 4; lastKnownFileType = sourcecode.c.objc; lineEnding = 0; name = "AVAudioUnitReverb+JW.m"; path = "Audio/AVAudioUnitReverb+JW.m"; sourceTree = "<group>"; xcLanguageSpecificationIdentifier = xcode.lang.objc; };
		5525FF131C3729980081FB23 /* JWAudioEngine.h */ = {isa = PBXFileReference; fileEncoding = 4; lastKnownFileType = sourcecode.c.h; lineEnding = 0; name = JWAudioEngine.h; path = Audio/JWAudioEngine.h; sourceTree = "<group>"; xcLanguageSpecificationIdentifier = xcode.lang.objcpp; };
		5525FF141C3729980081FB23 /* JWAudioEngine.m */ = {isa = PBXFileReference; fileEncoding = 4; lastKnownFileType = sourcecode.c.objc; lineEnding = 0; name = JWAudioEngine.m; path = Audio/JWAudioEngine.m; sourceTree = "<group>"; xcLanguageSpecificationIdentifier = xcode.lang.objc; };
		5525FF151C3729980081FB23 /* JWAudioRecorderController.h */ = {isa = PBXFileReference; fileEncoding = 4; lastKnownFileType = sourcecode.c.h; lineEnding = 0; name = JWAudioRecorderController.h; path = Audio/JWAudioRecorderController.h; sourceTree = "<group>"; xcLanguageSpecificationIdentifier = xcode.lang.objcpp; };
		5525FF161C3729980081FB23 /* JWAudioRecorderController.m */ = {isa = PBXFileReference; fileEncoding = 4; lastKnownFileType = sourcecode.c.objc; lineEnding = 0; name = JWAudioRecorderController.m; path = Audio/JWAudioRecorderController.m; sourceTree = "<group>"; xcLanguageSpecificationIdentifier = xcode.lang.objc; };
		5525FF171C3729980081FB23 /* JWClipAudioEngine.h */ = {isa = PBXFileReference; fileEncoding = 4; lastKnownFileType = sourcecode.c.h; lineEnding = 0; name = JWClipAudioEngine.h; path = Audio/JWClipAudioEngine.h; sourceTree = "<group>"; xcLanguageSpecificationIdentifier = xcode.lang.objcpp; };
		5525FF181C3729980081FB23 /* JWClipAudioEngine.m */ = {isa = PBXFileReference; fileEncoding = 4; lastKnownFileType = sourcecode.c.objc; lineEnding = 0; name = JWClipAudioEngine.m; path = Audio/JWClipAudioEngine.m; sourceTree = "<group>"; xcLanguageSpecificationIdentifier = xcode.lang.objc; };
		5525FF191C3729980081FB23 /* JWEffectsClipAudioEngine.h */ = {isa = PBXFileReference; fileEncoding = 4; lastKnownFileType = sourcecode.c.h; name = JWEffectsClipAudioEngine.h; path = Audio/JWEffectsClipAudioEngine.h; sourceTree = "<group>"; };
		5525FF1A1C3729980081FB23 /* JWEffectsClipAudioEngine.m */ = {isa = PBXFileReference; fileEncoding = 4; lastKnownFileType = sourcecode.c.objc; name = JWEffectsClipAudioEngine.m; path = Audio/JWEffectsClipAudioEngine.m; sourceTree = "<group>"; };
		5525FF1B1C3729980081FB23 /* JWEffectsHandler.h */ = {isa = PBXFileReference; fileEncoding = 4; lastKnownFileType = sourcecode.c.h; name = JWEffectsHandler.h; path = Audio/JWEffectsHandler.h; sourceTree = "<group>"; };
		5525FF1C1C3729980081FB23 /* JWEffectsModifyingProtocol.h */ = {isa = PBXFileReference; fileEncoding = 4; lastKnownFileType = sourcecode.c.h; name = JWEffectsModifyingProtocol.h; path = Audio/JWEffectsModifyingProtocol.h; sourceTree = "<group>"; };
		5525FF1D1C3729980081FB23 /* JWMicAudioEngine.h */ = {isa = PBXFileReference; fileEncoding = 4; lastKnownFileType = sourcecode.c.h; name = JWMicAudioEngine.h; path = Audio/JWMicAudioEngine.h; sourceTree = "<group>"; };
		5525FF1E1C3729980081FB23 /* JWMicAudioEngine.m */ = {isa = PBXFileReference; fileEncoding = 4; lastKnownFileType = sourcecode.c.objc; name = JWMicAudioEngine.m; path = Audio/JWMicAudioEngine.m; sourceTree = "<group>"; };
		5525FF1F1C3729980081FB23 /* JWMixNodes.h */ = {isa = PBXFileReference; fileEncoding = 4; lastKnownFileType = sourcecode.c.h; name = JWMixNodes.h; path = Audio/JWMixNodes.h; sourceTree = "<group>"; };
		5525FF201C3729980081FB23 /* JWMTAudioEngine.h */ = {isa = PBXFileReference; fileEncoding = 4; lastKnownFileType = sourcecode.c.h; name = JWMTAudioEngine.h; path = Audio/JWMTAudioEngine.h; sourceTree = "<group>"; };
		5525FF211C3729980081FB23 /* JWMTAudioEngine.m */ = {isa = PBXFileReference; fileEncoding = 4; lastKnownFileType = sourcecode.c.objc; name = JWMTAudioEngine.m; path = Audio/JWMTAudioEngine.m; sourceTree = "<group>"; };
		5525FF221C3729980081FB23 /* JWMTEffectsAudioEngine.h */ = {isa = PBXFileReference; fileEncoding = 4; lastKnownFileType = sourcecode.c.h; name = JWMTEffectsAudioEngine.h; path = Audio/JWMTEffectsAudioEngine.h; sourceTree = "<group>"; };
		5525FF231C3729980081FB23 /* JWMTEffectsAudioEngine.m */ = {isa = PBXFileReference; fileEncoding = 4; lastKnownFileType = sourcecode.c.objc; name = JWMTEffectsAudioEngine.m; path = Audio/JWMTEffectsAudioEngine.m; sourceTree = "<group>"; };
		5525FF241C3729980081FB23 /* JWPlayerNode.h */ = {isa = PBXFileReference; fileEncoding = 4; lastKnownFileType = sourcecode.c.h; name = JWPlayerNode.h; path = Audio/JWPlayerNode.h; sourceTree = "<group>"; };
		5525FF251C3729980081FB23 /* JWPlayerNode.m */ = {isa = PBXFileReference; fileEncoding = 4; lastKnownFileType = sourcecode.c.objc; name = JWPlayerNode.m; path = Audio/JWPlayerNode.m; sourceTree = "<group>"; };
		5525FF331C372AC00081FB23 /* trimmedMP3-45.m4a */ = {isa = PBXFileReference; lastKnownFileType = file; path = "trimmedMP3-45.m4a"; sourceTree = "<group>"; };
		5525FF341C372AC00081FB23 /* trimmedMP3.m4a */ = {isa = PBXFileReference; lastKnownFileType = file; path = trimmedMP3.m4a; sourceTree = "<group>"; };
		5525FF371C3746280081FB23 /* AminorBackingtrackTrimmedMP3-45.m4a */ = {isa = PBXFileReference; lastKnownFileType = file; path = "AminorBackingtrackTrimmedMP3-45.m4a"; sourceTree = "<group>"; };
		5525FF381C3746280081FB23 /* TheKillersTrimmedMP3-30.m4a */ = {isa = PBXFileReference; lastKnownFileType = file; path = "TheKillersTrimmedMP3-30.m4a"; sourceTree = "<group>"; };
		5525FF3B1C3764870081FB23 /* clipRecording_aminor1.caf */ = {isa = PBXFileReference; lastKnownFileType = file; path = clipRecording_aminor1.caf; sourceTree = "<group>"; };
		5525FF3C1C3764870081FB23 /* clipRecording_killers1.caf */ = {isa = PBXFileReference; lastKnownFileType = file; path = clipRecording_killers1.caf; sourceTree = "<group>"; };
		5525FF3D1C3764870081FB23 /* clipRecording_killers2.caf */ = {isa = PBXFileReference; lastKnownFileType = file; path = clipRecording_killers2.caf; sourceTree = "<group>"; };
		55CD12221C38DA74001662CF /* jwfullamps - 3.png */ = {isa = PBXFileReference; lastKnownFileType = image.png; path = "jwfullamps - 3.png"; sourceTree = "<group>"; };
		55CD12261C38DB39001662CF /* jwjustscreensandlogos - 2.png */ = {isa = PBXFileReference; lastKnownFileType = image.png; path = "jwjustscreensandlogos - 2.png"; sourceTree = "<group>"; };
		55CD12291C3F16B5001662CF /* Base */ = {isa = PBXFileReference; lastKnownFileType = file.storyboard; name = Base; path = Base.lproj/YoutubeSearch.storyboard; sourceTree = "<group>"; };
		55CD122C1C3F17C7001662CF /* Base */ = {isa = PBXFileReference; lastKnownFileType = file.storyboard; name = Base; path = Base.lproj/Other.storyboard; sourceTree = "<group>"; };
		55CD122E1C3F1A37001662CF /* JWFileController.h */ = {isa = PBXFileReference; fileEncoding = 4; lastKnownFileType = sourcecode.c.h; name = JWFileController.h; path = Common/JWFileController.h; sourceTree = "<group>"; };
		55CD122F1C3F1A37001662CF /* JWFileController.m */ = {isa = PBXFileReference; fileEncoding = 4; lastKnownFileType = sourcecode.c.objc; name = JWFileController.m; path = Common/JWFileController.m; sourceTree = "<group>"; };
		55CD124F1C3F6D5E001662CF /* JWAmpItemViewController.h */ = {isa = PBXFileReference; fileEncoding = 4; lastKnownFileType = sourcecode.c.h; lineEnding = 0; name = JWAmpItemViewController.h; path = Misc/JWAmpItemViewController.h; sourceTree = "<group>"; xcLanguageSpecificationIdentifier = xcode.lang.objcpp; };
		55CD12501C3F6D5E001662CF /* JWAmpItemViewController.m */ = {isa = PBXFileReference; fileEncoding = 4; lastKnownFileType = sourcecode.c.objc; lineEnding = 0; name = JWAmpItemViewController.m; path = Misc/JWAmpItemViewController.m; sourceTree = "<group>"; xcLanguageSpecificationIdentifier = xcode.lang.objc; };
		55CD12511C3F6D5E001662CF /* JWAmpPageViewController.h */ = {isa = PBXFileReference; fileEncoding = 4; lastKnownFileType = sourcecode.c.h; lineEnding = 0; name = JWAmpPageViewController.h; path = Misc/JWAmpPageViewController.h; sourceTree = "<group>"; xcLanguageSpecificationIdentifier = xcode.lang.objcpp; };
		55CD12521C3F6D5E001662CF /* JWAmpPageViewController.m */ = {isa = PBXFileReference; fileEncoding = 4; lastKnownFileType = sourcecode.c.objc; lineEnding = 0; name = JWAmpPageViewController.m; path = Misc/JWAmpPageViewController.m; sourceTree = "<group>"; xcLanguageSpecificationIdentifier = xcode.lang.objc; };
		55CD12531C3F6D5E001662CF /* JWFilesTableViewController.h */ = {isa = PBXFileReference; fileEncoding = 4; lastKnownFileType = sourcecode.c.h; name = JWFilesTableViewController.h; path = Misc/JWFilesTableViewController.h; sourceTree = "<group>"; };
		55CD12541C3F6D5E001662CF /* JWFilesTableViewController.m */ = {isa = PBXFileReference; fileEncoding = 4; lastKnownFileType = sourcecode.c.objc; name = JWFilesTableViewController.m; path = Misc/JWFilesTableViewController.m; sourceTree = "<group>"; };
		55CD12581C3F6D71001662CF /* JWFileDowloadController.h */ = {isa = PBXFileReference; fileEncoding = 4; lastKnownFileType = sourcecode.c.h; name = JWFileDowloadController.h; path = YoutubeMP3/JWFileDowloadController.h; sourceTree = "<group>"; };
		55CD12591C3F6D71001662CF /* JWFileDowloadController.m */ = {isa = PBXFileReference; fileEncoding = 4; lastKnownFileType = sourcecode.c.objc; name = JWFileDowloadController.m; path = YoutubeMP3/JWFileDowloadController.m; sourceTree = "<group>"; };
		55CD125A1C3F6D71001662CF /* JWJamMP3TableViewController.h */ = {isa = PBXFileReference; fileEncoding = 4; lastKnownFileType = sourcecode.c.h; name = JWJamMP3TableViewController.h; path = YoutubeMP3/JWJamMP3TableViewController.h; sourceTree = "<group>"; };
		55CD125B1C3F6D71001662CF /* JWJamMP3TableViewController.m */ = {isa = PBXFileReference; fileEncoding = 4; lastKnownFileType = sourcecode.c.objc; name = JWJamMP3TableViewController.m; path = YoutubeMP3/JWJamMP3TableViewController.m; sourceTree = "<group>"; };
		55CD125C1C3F6D71001662CF /* JWSourceAudioFilesTableViewController.h */ = {isa = PBXFileReference; fileEncoding = 4; lastKnownFileType = sourcecode.c.h; name = JWSourceAudioFilesTableViewController.h; path = YoutubeMP3/JWSourceAudioFilesTableViewController.h; sourceTree = "<group>"; };
		55CD125D1C3F6D71001662CF /* JWSourceAudioFilesTableViewController.m */ = {isa = PBXFileReference; fileEncoding = 4; lastKnownFileType = sourcecode.c.objc; name = JWSourceAudioFilesTableViewController.m; path = YoutubeMP3/JWSourceAudioFilesTableViewController.m; sourceTree = "<group>"; };
		55CD125E1C3F6D71001662CF /* JWURLManip.h */ = {isa = PBXFileReference; fileEncoding = 4; lastKnownFileType = sourcecode.c.h; name = JWURLManip.h; path = YoutubeMP3/JWURLManip.h; sourceTree = "<group>"; };
		55CD125F1C3F6D71001662CF /* JWURLManip.m */ = {isa = PBXFileReference; fileEncoding = 4; lastKnownFileType = sourcecode.c.objc; name = JWURLManip.m; path = YoutubeMP3/JWURLManip.m; sourceTree = "<group>"; };
		55CD12601C3F6D71001662CF /* JWYoutubeMP3ConvertController.h */ = {isa = PBXFileReference; fileEncoding = 4; lastKnownFileType = sourcecode.c.h; name = JWYoutubeMP3ConvertController.h; path = YoutubeMP3/JWYoutubeMP3ConvertController.h; sourceTree = "<group>"; };
		55CD12611C3F6D71001662CF /* JWYoutubeMP3ConvertController.m */ = {isa = PBXFileReference; fileEncoding = 4; lastKnownFileType = sourcecode.c.objc; name = JWYoutubeMP3ConvertController.m; path = YoutubeMP3/JWYoutubeMP3ConvertController.m; sourceTree = "<group>"; };
		55CD12621C3F6D71001662CF /* JWYoutubeMP3ViewController.h */ = {isa = PBXFileReference; fileEncoding = 4; lastKnownFileType = sourcecode.c.h; name = JWYoutubeMP3ViewController.h; path = YoutubeMP3/JWYoutubeMP3ViewController.h; sourceTree = "<group>"; };
		55CD12631C3F6D71001662CF /* JWYoutubeMP3ViewController.m */ = {isa = PBXFileReference; fileEncoding = 4; lastKnownFileType = sourcecode.c.objc; name = JWYoutubeMP3ViewController.m; path = YoutubeMP3/JWYoutubeMP3ViewController.m; sourceTree = "<group>"; };
		55CD12641C3F6D71001662CF /* JWYouTubeSearchTypingData.h */ = {isa = PBXFileReference; fileEncoding = 4; lastKnownFileType = sourcecode.c.h; name = JWYouTubeSearchTypingData.h; path = YoutubeMP3/JWYouTubeSearchTypingData.h; sourceTree = "<group>"; };
		55CD12651C3F6D71001662CF /* JWYouTubeSearchTypingData.m */ = {isa = PBXFileReference; fileEncoding = 4; lastKnownFileType = sourcecode.c.objc; name = JWYouTubeSearchTypingData.m; path = YoutubeMP3/JWYouTubeSearchTypingData.m; sourceTree = "<group>"; };
		55CD12661C3F6D71001662CF /* JWYouTubeVideoData.h */ = {isa = PBXFileReference; fileEncoding = 4; lastKnownFileType = sourcecode.c.h; name = JWYouTubeVideoData.h; path = YoutubeMP3/JWYouTubeVideoData.h; sourceTree = "<group>"; };
		55CD12671C3F6D71001662CF /* JWYouTubeVideoData.m */ = {isa = PBXFileReference; fileEncoding = 4; lastKnownFileType = sourcecode.c.objc; name = JWYouTubeVideoData.m; path = YoutubeMP3/JWYouTubeVideoData.m; sourceTree = "<group>"; };
		55CD12681C3F6D71001662CF /* JWYTSearchTypingViewController.h */ = {isa = PBXFileReference; fileEncoding = 4; lastKnownFileType = sourcecode.c.h; name = JWYTSearchTypingViewController.h; path = YoutubeMP3/JWYTSearchTypingViewController.h; sourceTree = "<group>"; };
		55CD12691C3F6D71001662CF /* JWYTSearchTypingViewController.m */ = {isa = PBXFileReference; fileEncoding = 4; lastKnownFileType = sourcecode.c.objc; name = JWYTSearchTypingViewController.m; path = YoutubeMP3/JWYTSearchTypingViewController.m; sourceTree = "<group>"; };
		55CD12731C3F6D84001662CF /* JWClipAudioController.h */ = {isa = PBXFileReference; fileEncoding = 4; lastKnownFileType = sourcecode.c.h; lineEnding = 0; name = JWClipAudioController.h; path = AudioClip/JWClipAudioController.h; sourceTree = "<group>"; xcLanguageSpecificationIdentifier = xcode.lang.objcpp; };
		55CD12741C3F6D84001662CF /* JWClipAudioController.m */ = {isa = PBXFileReference; fileEncoding = 4; lastKnownFileType = sourcecode.c.objc; lineEnding = 0; name = JWClipAudioController.m; path = AudioClip/JWClipAudioController.m; sourceTree = "<group>"; xcLanguageSpecificationIdentifier = xcode.lang.objc; };
		55CD12751C3F6D84001662CF /* JWClipAudioViewController.h */ = {isa = PBXFileReference; fileEncoding = 4; lastKnownFileType = sourcecode.c.h; lineEnding = 0; name = JWClipAudioViewController.h; path = AudioClip/JWClipAudioViewController.h; sourceTree = "<group>"; xcLanguageSpecificationIdentifier = xcode.lang.objcpp; };
		55CD12761C3F6D84001662CF /* JWClipAudioViewController.m */ = {isa = PBXFileReference; fileEncoding = 4; lastKnownFileType = sourcecode.c.objc; lineEnding = 0; name = JWClipAudioViewController.m; path = AudioClip/JWClipAudioViewController.m; sourceTree = "<group>"; xcLanguageSpecificationIdentifier = xcode.lang.objc; };
		55CD12791C3F6EBD001662CF /* JWCurrentWorkItem.h */ = {isa = PBXFileReference; fileEncoding = 4; lastKnownFileType = sourcecode.c.h; lineEnding = 0; name = JWCurrentWorkItem.h; path = Common/JWCurrentWorkItem.h; sourceTree = "<group>"; xcLanguageSpecificationIdentifier = xcode.lang.objcpp; };
		55CD127A1C3F6EBD001662CF /* JWCurrentWorkItem.m */ = {isa = PBXFileReference; fileEncoding = 4; lastKnownFileType = sourcecode.c.objc; name = JWCurrentWorkItem.m; path = Common/JWCurrentWorkItem.m; sourceTree = "<group>"; };
		55CD127C1C3F6F36001662CF /* JWRecordJamViewController.h */ = {isa = PBXFileReference; fileEncoding = 4; lastKnownFileType = sourcecode.c.h; name = JWRecordJamViewController.h; path = Misc/JWRecordJamViewController.h; sourceTree = "<group>"; };
		55CD127D1C3F6F36001662CF /* JWRecordJamViewController.m */ = {isa = PBXFileReference; fileEncoding = 4; lastKnownFileType = sourcecode.c.objc; name = JWRecordJamViewController.m; path = Misc/JWRecordJamViewController.m; sourceTree = "<group>"; };
		55CD127F1C3F6F7C001662CF /* JWDBKeys.h */ = {isa = PBXFileReference; fileEncoding = 4; lastKnownFileType = sourcecode.c.h; name = JWDBKeys.h; path = Common/JWDBKeys.h; sourceTree = "<group>"; };
		55CD12801C3F742A001662CF /* JWTrackSetsViewController.h */ = {isa = PBXFileReference; fileEncoding = 4; lastKnownFileType = sourcecode.c.h; path = JWTrackSetsViewController.h; sourceTree = "<group>"; };
		55CD12811C3F742A001662CF /* JWTrackSetsViewController.m */ = {isa = PBXFileReference; fileEncoding = 4; lastKnownFileType = sourcecode.c.objc; path = JWTrackSetsViewController.m; sourceTree = "<group>"; };
		55CD12831C3F7B31001662CF /* JWMedia.xcassets */ = {isa = PBXFileReference; lastKnownFileType = folder.assetcatalog; path = JWMedia.xcassets; sourceTree = "<group>"; };
		55CD12851C42AD71001662CF /* JWSourceAudioListsViewController.h */ = {isa = PBXFileReference; fileEncoding = 4; lastKnownFileType = sourcecode.c.h; path = JWSourceAudioListsViewController.h; sourceTree = "<group>"; };
		55CD12861C42AD71001662CF /* JWSourceAudioListsViewController.m */ = {isa = PBXFileReference; fileEncoding = 4; lastKnownFileType = sourcecode.c.objc; path = JWSourceAudioListsViewController.m; sourceTree = "<group>"; };
		55CD128A1C461D14001662CF /* JWScrubberTackModify.h */ = {isa = PBXFileReference; fileEncoding = 4; lastKnownFileType = sourcecode.c.h; name = JWScrubberTackModify.h; path = Scrubber/JWScrubberTackModify.h; sourceTree = "<group>"; };
		55CD128B1C461D14001662CF /* JWScrubberTackModify.m */ = {isa = PBXFileReference; fileEncoding = 4; lastKnownFileType = sourcecode.c.objc; name = JWScrubberTackModify.m; path = Scrubber/JWScrubberTackModify.m; sourceTree = "<group>"; };
		55CD12DB1C4A588A001662CF /* JWHeaderFooterView.h */ = {isa = PBXFileReference; fileEncoding = 4; lastKnownFileType = sourcecode.c.h; path = JWHeaderFooterView.h; sourceTree = "<group>"; };
		55CD12DC1C4A588A001662CF /* JWHeaderFooterView.m */ = {isa = PBXFileReference; fileEncoding = 4; lastKnownFileType = sourcecode.c.objc; path = JWHeaderFooterView.m; sourceTree = "<group>"; };
		55F41C1D1C51D9D0002F3893 /* UIColor+JW.h */ = {isa = PBXFileReference; fileEncoding = 4; lastKnownFileType = sourcecode.c.h; name = "UIColor+JW.h"; path = "Common/UIColor+JW.h"; sourceTree = "<group>"; };
		55F41C1E1C51D9D0002F3893 /* UIColor+JW.m */ = {isa = PBXFileReference; fileEncoding = 4; lastKnownFileType = sourcecode.c.objc; name = "UIColor+JW.m"; path = "Common/UIColor+JW.m"; sourceTree = "<group>"; };
		55F41C201C51EBD2002F3893 /* JWOtherTableViewController.h */ = {isa = PBXFileReference; fileEncoding = 4; lastKnownFileType = sourcecode.c.h; name = JWOtherTableViewController.h; path = Misc/JWOtherTableViewController.h; sourceTree = "<group>"; };
		55F41C211C51EBD2002F3893 /* JWOtherTableViewController.m */ = {isa = PBXFileReference; fileEncoding = 4; lastKnownFileType = sourcecode.c.objc; name = JWOtherTableViewController.m; path = Misc/JWOtherTableViewController.m; sourceTree = "<group>"; };
		55F41C251C5CC1C7002F3893 /* scrub_sq100_enh.png */ = {isa = PBXFileReference; lastKnownFileType = image.png; path = scrub_sq100_enh.png; sourceTree = "<group>"; };
		55F41C271C5D581D002F3893 /* JWActivityItemProvider.h */ = {isa = PBXFileReference; fileEncoding = 4; lastKnownFileType = sourcecode.c.h; lineEnding = 0; name = JWActivityItemProvider.h; path = Common/JWActivityItemProvider.h; sourceTree = "<group>"; xcLanguageSpecificationIdentifier = xcode.lang.objcpp; };
		55F41C281C5D581D002F3893 /* JWActivityItemProvider.m */ = {isa = PBXFileReference; fileEncoding = 4; lastKnownFileType = sourcecode.c.objc; lineEnding = 0; name = JWActivityItemProvider.m; path = Common/JWActivityItemProvider.m; sourceTree = "<group>"; xcLanguageSpecificationIdentifier = xcode.lang.objc; };
		55F41C2A1C5D5C5A002F3893 /* JWFileTransferActivity.h */ = {isa = PBXFileReference; fileEncoding = 4; lastKnownFileType = sourcecode.c.h; name = JWFileTransferActivity.h; path = Common/JWFileTransferActivity.h; sourceTree = "<group>"; };
		55F41C2B1C5D5C5A002F3893 /* JWFileTransferActivity.m */ = {isa = PBXFileReference; fileEncoding = 4; lastKnownFileType = sourcecode.c.objc; name = JWFileTransferActivity.m; path = Common/JWFileTransferActivity.m; sourceTree = "<group>"; };
		55F41C2D1C5D74F1002F3893 /* JWActivityItemSource.h */ = {isa = PBXFileReference; fileEncoding = 4; lastKnownFileType = sourcecode.c.h; lineEnding = 0; name = JWActivityItemSource.h; path = Common/JWActivityItemSource.h; sourceTree = "<group>"; xcLanguageSpecificationIdentifier = xcode.lang.objcpp; };
		55F41C2E1C5D74F1002F3893 /* JWActivityItemSource.m */ = {isa = PBXFileReference; fileEncoding = 4; lastKnownFileType = sourcecode.c.objc; lineEnding = 0; name = JWActivityItemSource.m; path = Common/JWActivityItemSource.m; sourceTree = "<group>"; xcLanguageSpecificationIdentifier = xcode.lang.objc; };
		F40D64071C53799E000C1E8E /* CERangeSlider.h */ = {isa = PBXFileReference; fileEncoding = 4; lastKnownFileType = sourcecode.c.h; path = CERangeSlider.h; sourceTree = "<group>"; };
		F40D64081C53799E000C1E8E /* CERangeSlider.m */ = {isa = PBXFileReference; fileEncoding = 4; lastKnownFileType = sourcecode.c.objc; path = CERangeSlider.m; sourceTree = "<group>"; };
		F40D64091C53799E000C1E8E /* CERangeSliderKnob.h */ = {isa = PBXFileReference; fileEncoding = 4; lastKnownFileType = sourcecode.c.h; path = CERangeSliderKnob.h; sourceTree = "<group>"; };
		F40D640A1C53799E000C1E8E /* CERangeSliderKnob.m */ = {isa = PBXFileReference; fileEncoding = 4; lastKnownFileType = sourcecode.c.objc; path = CERangeSliderKnob.m; sourceTree = "<group>"; };
		F40D640B1C53799E000C1E8E /* CERangeSliderTrack.h */ = {isa = PBXFileReference; fileEncoding = 4; lastKnownFileType = sourcecode.c.h; path = CERangeSliderTrack.h; sourceTree = "<group>"; };
		F40D640C1C53799E000C1E8E /* CERangeSliderTrack.m */ = {isa = PBXFileReference; fileEncoding = 4; lastKnownFileType = sourcecode.c.objc; path = CERangeSliderTrack.m; sourceTree = "<group>"; };
		F40D640D1C53799E000C1E8E /* CETimeCountLayer.h */ = {isa = PBXFileReference; fileEncoding = 4; lastKnownFileType = sourcecode.c.h; path = CETimeCountLayer.h; sourceTree = "<group>"; };
		F40D640E1C53799E000C1E8E /* CETimeCountLayer.m */ = {isa = PBXFileReference; fileEncoding = 4; lastKnownFileType = sourcecode.c.objc; path = CETimeCountLayer.m; sourceTree = "<group>"; };
		F40D641E1C5379E5000C1E8E /* JWRangeSliderViewController.h */ = {isa = PBXFileReference; fileEncoding = 4; lastKnownFileType = sourcecode.c.h; path = JWRangeSliderViewController.h; sourceTree = "<group>"; };
		F40D641F1C5379E5000C1E8E /* JWRangeSliderViewController.m */ = {isa = PBXFileReference; fileEncoding = 4; lastKnownFileType = sourcecode.c.objc; path = JWRangeSliderViewController.m; sourceTree = "<group>"; };
		F40D64241C574AC5000C1E8E /* JWClipAudioHelperViewController.m */ = {isa = PBXFileReference; fileEncoding = 4; lastKnownFileType = sourcecode.c.objc; name = JWClipAudioHelperViewController.m; path = AudioClip/JWClipAudioHelperViewController.m; sourceTree = "<group>"; };
		F40D64251C574AC5000C1E8E /* JWClipAudioHelperViewController.h */ = {isa = PBXFileReference; fileEncoding = 4; lastKnownFileType = sourcecode.c.h; name = JWClipAudioHelperViewController.h; path = AudioClip/JWClipAudioHelperViewController.h; sourceTree = "<group>"; };
		F48AEBFE1C6D077B0044ACE8 /* Server_Parameter_Ideas */ = {isa = PBXFileReference; fileEncoding = 4; lastKnownFileType = text; path = Server_Parameter_Ideas; sourceTree = "<group>"; };
		F48AEC001C711D6A0044ACE8 /* JWCommon.h */ = {isa = PBXFileReference; fileEncoding = 4; lastKnownFileType = sourcecode.c.h; path = JWCommon.h; sourceTree = "<group>"; };
		F48AEC011C711D6A0044ACE8 /* JWCommon.m */ = {isa = PBXFileReference; fileEncoding = 4; lastKnownFileType = sourcecode.c.objc; path = JWCommon.m; sourceTree = "<group>"; };
		F48AEC021C711D6A0044ACE8 /* JWCustomCellBackground.h */ = {isa = PBXFileReference; fileEncoding = 4; lastKnownFileType = sourcecode.c.h; path = JWCustomCellBackground.h; sourceTree = "<group>"; };
		F48AEC031C711D6A0044ACE8 /* JWCustomCellBackground.m */ = {isa = PBXFileReference; fileEncoding = 4; lastKnownFileType = sourcecode.c.objc; path = JWCustomCellBackground.m; sourceTree = "<group>"; };
		F48AEC061C711D870044ACE8 /* JWAudioPlayerCameraController.h */ = {isa = PBXFileReference; fileEncoding = 4; lastKnownFileType = sourcecode.c.h; name = JWAudioPlayerCameraController.h; path = ../AudioScrubber/JWAudioPlayerCameraController.h; sourceTree = "<group>"; };
		F48AEC071C711D870044ACE8 /* JWAudioPlayerCameraController.m */ = {isa = PBXFileReference; fileEncoding = 4; lastKnownFileType = sourcecode.c.objc; name = JWAudioPlayerCameraController.m; path = ../AudioScrubber/JWAudioPlayerCameraController.m; sourceTree = "<group>"; };
		F48AEC0A1C711DAE0044ACE8 /* JWCameraViewController.h */ = {isa = PBXFileReference; fileEncoding = 4; lastKnownFileType = sourcecode.c.h; path = JWCameraViewController.h; sourceTree = "<group>"; };
		F48AEC0B1C711DAE0044ACE8 /* JWCameraViewController.m */ = {isa = PBXFileReference; fileEncoding = 4; lastKnownFileType = sourcecode.c.objc; path = JWCameraViewController.m; sourceTree = "<group>"; };
		F4F2D51C1C9142EF00D0AC99 /* JWEffectPresetsTableViewController.h */ = {isa = PBXFileReference; fileEncoding = 4; lastKnownFileType = sourcecode.c.h; path = JWEffectPresetsTableViewController.h; sourceTree = "<group>"; };
		F4F2D51D1C9142EF00D0AC99 /* JWEffectPresetsTableViewController.m */ = {isa = PBXFileReference; fileEncoding = 4; lastKnownFileType = sourcecode.c.objc; path = JWEffectPresetsTableViewController.m; sourceTree = "<group>"; };
/* End PBXFileReference section */

/* Begin PBXFrameworksBuildPhase section */
		5525FE841C3727430081FB23 /* Frameworks */ = {
			isa = PBXFrameworksBuildPhase;
			buildActionMask = 2147483647;
			files = (
			);
			runOnlyForDeploymentPostprocessing = 0;
		};
		5525FEA01C3727430081FB23 /* Frameworks */ = {
			isa = PBXFrameworksBuildPhase;
			buildActionMask = 2147483647;
			files = (
			);
			runOnlyForDeploymentPostprocessing = 0;
		};
		5525FEAB1C3727430081FB23 /* Frameworks */ = {
			isa = PBXFrameworksBuildPhase;
			buildActionMask = 2147483647;
			files = (
			);
			runOnlyForDeploymentPostprocessing = 0;
		};
/* End PBXFrameworksBuildPhase section */

/* Begin PBXGroup section */
		5525FE7E1C3727430081FB23 = {
			isa = PBXGroup;
			children = (
				55F41C251C5CC1C7002F3893 /* scrub_sq100_enh.png */,
				5525FE891C3727430081FB23 /* JWMixAudioScrubber */,
				5525FEA61C3727430081FB23 /* JWMixAudioScrubberTests */,
				5525FEB11C3727430081FB23 /* JWMixAudioScrubberUITests */,
				5525FE881C3727430081FB23 /* Products */,
			);
			sourceTree = "<group>";
		};
		5525FE881C3727430081FB23 /* Products */ = {
			isa = PBXGroup;
			children = (
				5525FE871C3727430081FB23 /* JamWDevM.app */,
				5525FEA31C3727430081FB23 /* JamWDev.xctest */,
				5525FEAE1C3727430081FB23 /* JamWDev.xctest */,
			);
			name = Products;
			sourceTree = "<group>";
		};
		5525FE891C3727430081FB23 /* JWMixAudioScrubber */ = {
			isa = PBXGroup;
			children = (
				F48AEC091C711DAE0044ACE8 /* Camera */,
				F40D63FF1C53799E000C1E8E /* DoubleSlider */,
				55CD12221C38DA74001662CF /* jwfullamps - 3.png */,
				55CD12261C38DB39001662CF /* jwjustscreensandlogos - 2.png */,
				5525FF691C37DD370081FB23 /* audiofiles */,
				55CD124E1C3F6D4C001662CF /* Misc */,
				55CD124D1C3F6D2F001662CF /* YoutubeMP3 */,
				55CD124C1C3F6D22001662CF /* AudioClip */,
				5525FEC71C3728D00081FB23 /* Common */,
				5525FEC61C3728B00081FB23 /* AudioScrubber */,
				5525FEC51C3728A40081FB23 /* Mixedit */,
				5525FEC41C37289A0081FB23 /* Scrubber */,
				5525FEC31C3728920081FB23 /* Audio */,
				5525FE8D1C3727430081FB23 /* AppDelegate.h */,
				5525FE8E1C3727430081FB23 /* AppDelegate.m */,
				5525FE901C3727430081FB23 /* MasterViewController.h */,
				5525FE911C3727430081FB23 /* MasterViewController.m */,
				5525FE931C3727430081FB23 /* DetailViewController.h */,
				5525FE941C3727430081FB23 /* DetailViewController.m */,
				5525FE961C3727430081FB23 /* Main.storyboard */,
				55CD12281C3F16B5001662CF /* YoutubeSearch.storyboard */,
				55CD122B1C3F17C7001662CF /* Other.storyboard */,
				5525FE991C3727430081FB23 /* Assets.xcassets */,
				55CD12831C3F7B31001662CF /* JWMedia.xcassets */,
				5525FE9B1C3727430081FB23 /* LaunchScreen.storyboard */,
				5525FE9E1C3727430081FB23 /* Info.plist */,
				5525FE8A1C3727430081FB23 /* Supporting Files */,
				55CD12801C3F742A001662CF /* JWTrackSetsViewController.h */,
				55CD12811C3F742A001662CF /* JWTrackSetsViewController.m */,
				55CD12DB1C4A588A001662CF /* JWHeaderFooterView.h */,
				55CD12DC1C4A588A001662CF /* JWHeaderFooterView.m */,
				F48AEBFE1C6D077B0044ACE8 /* Server_Parameter_Ideas */,
			);
			path = JWMixAudioScrubber;
			sourceTree = "<group>";
		};
		5525FE8A1C3727430081FB23 /* Supporting Files */ = {
			isa = PBXGroup;
			children = (
				5525FE8B1C3727430081FB23 /* main.m */,
			);
			name = "Supporting Files";
			sourceTree = "<group>";
		};
		5525FEA61C3727430081FB23 /* JWMixAudioScrubberTests */ = {
			isa = PBXGroup;
			children = (
				5525FEA71C3727430081FB23 /* JWMixAudioScrubberTests.m */,
				5525FEA91C3727430081FB23 /* Info.plist */,
			);
			path = JWMixAudioScrubberTests;
			sourceTree = "<group>";
		};
		5525FEB11C3727430081FB23 /* JWMixAudioScrubberUITests */ = {
			isa = PBXGroup;
			children = (
				5525FEB21C3727430081FB23 /* JWMixAudioScrubberUITests.m */,
				5525FEB41C3727430081FB23 /* Info.plist */,
			);
			path = JWMixAudioScrubberUITests;
			sourceTree = "<group>";
		};
		5525FEC31C3728920081FB23 /* Audio */ = {
			isa = PBXGroup;
			children = (
				F48AEC4F1C765BAA0044ACE8 /* categories */,
				5525FF131C3729980081FB23 /* JWAudioEngine.h */,
				5525FF141C3729980081FB23 /* JWAudioEngine.m */,
				5525FF201C3729980081FB23 /* JWMTAudioEngine.h */,
				5525FF211C3729980081FB23 /* JWMTAudioEngine.m */,
				5525FF221C3729980081FB23 /* JWMTEffectsAudioEngine.h */,
				5525FF231C3729980081FB23 /* JWMTEffectsAudioEngine.m */,
				5525FF151C3729980081FB23 /* JWAudioRecorderController.h */,
				5525FF161C3729980081FB23 /* JWAudioRecorderController.m */,
				55CD12DA1C49FCD6001662CF /* deprecated */,
				5525FF1B1C3729980081FB23 /* JWEffectsHandler.h */,
				5525FF1C1C3729980081FB23 /* JWEffectsModifyingProtocol.h */,
				5525FF1F1C3729980081FB23 /* JWMixNodes.h */,
				5525FF241C3729980081FB23 /* JWPlayerNode.h */,
				5525FF251C3729980081FB23 /* JWPlayerNode.m */,
			);
			name = Audio;
			sourceTree = "<group>";
		};
		5525FEC41C37289A0081FB23 /* Scrubber */ = {
			isa = PBXGroup;
			children = (
				5525FEDE1C37295C0081FB23 /* JWScrubber.h */,
				5525FEE11C37295C0081FB23 /* JWScrubberController.h */,
				5525FEE21C37295C0081FB23 /* JWScrubberController.m */,
				5525FEE71C37295C0081FB23 /* JWScrubberViewController.h */,
				5525FEE81C37295C0081FB23 /* JWScrubberViewController.m */,
				55CD128A1C461D14001662CF /* JWScrubberTackModify.h */,
				55CD128B1C461D14001662CF /* JWScrubberTackModify.m */,
				5525FEE51C37295C0081FB23 /* JWScrubberGradientLayer.h */,
				5525FEE61C37295C0081FB23 /* JWScrubberGradientLayer.m */,
				5525FEDF1C37295C0081FB23 /* JWScrubberClipEndsLayer.h */,
				5525FEE01C37295C0081FB23 /* JWScrubberClipEndsLayer.m */,
				5525FEE91C37295C0081FB23 /* JWVisualAudioBufferView.h */,
				5525FEEA1C37295C0081FB23 /* JWVisualAudioBufferView.m */,
				5525FED81C37295C0081FB23 /* JWBufferSampler.h */,
				5525FED91C37295C0081FB23 /* JWBufferSampler.m */,
				5525FEDA1C37295C0081FB23 /* JWPulseLightView.h */,
				5525FEDB1C37295C0081FB23 /* JWPulseLightView.m */,
				5525FEDC1C37295C0081FB23 /* JWScalingVisualAudioBufferView.h */,
				5525FEDD1C37295C0081FB23 /* JWScalingVisualAudioBufferView.m */,
				5525FEE31C37295C0081FB23 /* JWScrubberDemoController.h */,
				5525FEE41C37295C0081FB23 /* JWScrubberDemoController.m */,
			);
			name = Scrubber;
			sourceTree = "<group>";
		};
		5525FEC51C3728A40081FB23 /* Mixedit */ = {
			isa = PBXGroup;
			children = (
				F48AEC001C711D6A0044ACE8 /* JWCommon.h */,
				F48AEC011C711D6A0044ACE8 /* JWCommon.m */,
				F48AEC021C711D6A0044ACE8 /* JWCustomCellBackground.h */,
				F48AEC031C711D6A0044ACE8 /* JWCustomCellBackground.m */,
				5525FEF81C37298B0081FB23 /* JWMixEditTableViewController.h */,
				5525FEF91C37298B0081FB23 /* JWMixEditTableViewController.m */,
				5525FEF41C37298B0081FB23 /* JWEffectParametersTableViewCell.h */,
				5525FEF51C37298B0081FB23 /* JWEffectParametersTableViewCell.m */,
				5525FEF61C37298B0081FB23 /* JWEffectPresetTableViewCell.h */,
				5525FEF71C37298B0081FB23 /* JWEffectPresetTableViewCell.m */,
				5525FEFA1C37298B0081FB23 /* JWRecorderTableViewCell.h */,
				5525FEFB1C37298B0081FB23 /* JWRecorderTableViewCell.m */,
				5525FEFC1C37298B0081FB23 /* JWSliderAndSwitchTableViewCell.h */,
				5525FEFD1C37298B0081FB23 /* JWSliderAndSwitchTableViewCell.m */,
				5525FEFE1C37298B0081FB23 /* JWSliderTableViewCell.h */,
				5525FEFF1C37298B0081FB23 /* JWSliderTableViewCell.m */,
				5525FF001C37298B0081FB23 /* JWTableHeaderView.h */,
				5525FF011C37298B0081FB23 /* JWTableHeaderView.m */,
				F4F2D51C1C9142EF00D0AC99 /* JWEffectPresetsTableViewController.h */,
				F4F2D51D1C9142EF00D0AC99 /* JWEffectPresetsTableViewController.m */,
			);
			name = Mixedit;
			sourceTree = "<group>";
		};
		5525FEC61C3728B00081FB23 /* AudioScrubber */ = {
			isa = PBXGroup;
			children = (
				5525FECE1C3729130081FB23 /* JWAudioPlayerController.h */,
				5525FECF1C3729130081FB23 /* JWAudioPlayerController.m */,
				5525FED01C3729130081FB23 /* JWLoopAudioPlayerController.h */,
				5525FED11C3729130081FB23 /* JWLoopAudioPlayerController.m */,
				5525FED21C3729130081FB23 /* JWPlayerControlsProtocol.h */,
				5525FED31C3729130081FB23 /* JWPlayerControlsViewController.h */,
				5525FED41C3729130081FB23 /* JWPlayerControlsViewController.m */,
			);
			name = AudioScrubber;
			sourceTree = "<group>";
		};
		5525FEC71C3728D00081FB23 /* Common */ = {
			isa = PBXGroup;
			children = (
				55CD127F1C3F6F7C001662CF /* JWDBKeys.h */,
				55CD12791C3F6EBD001662CF /* JWCurrentWorkItem.h */,
				55CD127A1C3F6EBD001662CF /* JWCurrentWorkItem.m */,
				55CD122E1C3F1A37001662CF /* JWFileController.h */,
				55CD122F1C3F1A37001662CF /* JWFileController.m */,
				5525FEC81C3728ED0081FB23 /* JWPlayerFileInfo.h */,
				5525FEC91C3728ED0081FB23 /* JWPlayerFileInfo.m */,
				5525FECA1C3728ED0081FB23 /* JWUITransportButton.h */,
				5525FECB1C3728ED0081FB23 /* JWUITransportButton.m */,
				55F41C1D1C51D9D0002F3893 /* UIColor+JW.h */,
				55F41C1E1C51D9D0002F3893 /* UIColor+JW.m */,
				55F41C271C5D581D002F3893 /* JWActivityItemProvider.h */,
				55F41C281C5D581D002F3893 /* JWActivityItemProvider.m */,
				55F41C2A1C5D5C5A002F3893 /* JWFileTransferActivity.h */,
				55F41C2B1C5D5C5A002F3893 /* JWFileTransferActivity.m */,
				55F41C2D1C5D74F1002F3893 /* JWActivityItemSource.h */,
				55F41C2E1C5D74F1002F3893 /* JWActivityItemSource.m */,
			);
			name = Common;
			sourceTree = "<group>";
		};
		5525FF691C37DD370081FB23 /* audiofiles */ = {
			isa = PBXGroup;
			children = (
				5525FF3B1C3764870081FB23 /* clipRecording_aminor1.caf */,
				5525FF3C1C3764870081FB23 /* clipRecording_killers1.caf */,
				5525FF3D1C3764870081FB23 /* clipRecording_killers2.caf */,
				5525FF371C3746280081FB23 /* AminorBackingtrackTrimmedMP3-45.m4a */,
				5525FF381C3746280081FB23 /* TheKillersTrimmedMP3-30.m4a */,
				5525FF331C372AC00081FB23 /* trimmedMP3-45.m4a */,
				5525FF341C372AC00081FB23 /* trimmedMP3.m4a */,
			);
			name = audiofiles;
			sourceTree = "<group>";
		};
		55CD124C1C3F6D22001662CF /* AudioClip */ = {
			isa = PBXGroup;
			children = (
				55CD12731C3F6D84001662CF /* JWClipAudioController.h */,
				55CD12741C3F6D84001662CF /* JWClipAudioController.m */,
				55CD12751C3F6D84001662CF /* JWClipAudioViewController.h */,
				55CD12761C3F6D84001662CF /* JWClipAudioViewController.m */,
				F40D64241C574AC5000C1E8E /* JWClipAudioHelperViewController.m */,
				F40D64251C574AC5000C1E8E /* JWClipAudioHelperViewController.h */,
			);
			name = AudioClip;
			sourceTree = "<group>";
		};
		55CD124D1C3F6D2F001662CF /* YoutubeMP3 */ = {
			isa = PBXGroup;
			children = (
				55CD12581C3F6D71001662CF /* JWFileDowloadController.h */,
				55CD12591C3F6D71001662CF /* JWFileDowloadController.m */,
				55CD12D91C49F1B0001662CF /* deprecated */,
				55CD125C1C3F6D71001662CF /* JWSourceAudioFilesTableViewController.h */,
				55CD125D1C3F6D71001662CF /* JWSourceAudioFilesTableViewController.m */,
				55CD12851C42AD71001662CF /* JWSourceAudioListsViewController.h */,
				55CD12861C42AD71001662CF /* JWSourceAudioListsViewController.m */,
				55CD125E1C3F6D71001662CF /* JWURLManip.h */,
				55CD125F1C3F6D71001662CF /* JWURLManip.m */,
				55CD12601C3F6D71001662CF /* JWYoutubeMP3ConvertController.h */,
				55CD12611C3F6D71001662CF /* JWYoutubeMP3ConvertController.m */,
				55CD12621C3F6D71001662CF /* JWYoutubeMP3ViewController.h */,
				55CD12631C3F6D71001662CF /* JWYoutubeMP3ViewController.m */,
				55CD12641C3F6D71001662CF /* JWYouTubeSearchTypingData.h */,
				55CD12651C3F6D71001662CF /* JWYouTubeSearchTypingData.m */,
				55CD12661C3F6D71001662CF /* JWYouTubeVideoData.h */,
				55CD12671C3F6D71001662CF /* JWYouTubeVideoData.m */,
				55CD12681C3F6D71001662CF /* JWYTSearchTypingViewController.h */,
				55CD12691C3F6D71001662CF /* JWYTSearchTypingViewController.m */,
			);
			name = YoutubeMP3;
			sourceTree = "<group>";
		};
		55CD124E1C3F6D4C001662CF /* Misc */ = {
			isa = PBXGroup;
			children = (
				55CD124F1C3F6D5E001662CF /* JWAmpItemViewController.h */,
				55CD12501C3F6D5E001662CF /* JWAmpItemViewController.m */,
				55CD12511C3F6D5E001662CF /* JWAmpPageViewController.h */,
				55CD12521C3F6D5E001662CF /* JWAmpPageViewController.m */,
				55CD12531C3F6D5E001662CF /* JWFilesTableViewController.h */,
				55CD12541C3F6D5E001662CF /* JWFilesTableViewController.m */,
				55CD12D81C49F0A4001662CF /* deprecated */,
				55F41C201C51EBD2002F3893 /* JWOtherTableViewController.h */,
				55F41C211C51EBD2002F3893 /* JWOtherTableViewController.m */,
			);
			name = Misc;
			sourceTree = "<group>";
		};
		55CD12D81C49F0A4001662CF /* deprecated */ = {
			isa = PBXGroup;
			children = (
				55CD127C1C3F6F36001662CF /* JWRecordJamViewController.h */,
				55CD127D1C3F6F36001662CF /* JWRecordJamViewController.m */,
			);
			name = deprecated;
			sourceTree = "<group>";
		};
		55CD12D91C49F1B0001662CF /* deprecated */ = {
			isa = PBXGroup;
			children = (
				55CD125A1C3F6D71001662CF /* JWJamMP3TableViewController.h */,
				55CD125B1C3F6D71001662CF /* JWJamMP3TableViewController.m */,
			);
			name = deprecated;
			sourceTree = "<group>";
		};
		55CD12DA1C49FCD6001662CF /* deprecated */ = {
			isa = PBXGroup;
			children = (
				5525FF1D1C3729980081FB23 /* JWMicAudioEngine.h */,
				5525FF1E1C3729980081FB23 /* JWMicAudioEngine.m */,
				5525FF171C3729980081FB23 /* JWClipAudioEngine.h */,
				5525FF181C3729980081FB23 /* JWClipAudioEngine.m */,
				5525FF191C3729980081FB23 /* JWEffectsClipAudioEngine.h */,
				5525FF1A1C3729980081FB23 /* JWEffectsClipAudioEngine.m */,
			);
			name = deprecated;
			sourceTree = "<group>";
		};
		F40D63FF1C53799E000C1E8E /* DoubleSlider */ = {
			isa = PBXGroup;
			children = (
				F40D64071C53799E000C1E8E /* CERangeSlider.h */,
				F40D64081C53799E000C1E8E /* CERangeSlider.m */,
				F40D64091C53799E000C1E8E /* CERangeSliderKnob.h */,
				F40D640A1C53799E000C1E8E /* CERangeSliderKnob.m */,
				F40D640B1C53799E000C1E8E /* CERangeSliderTrack.h */,
				F40D640C1C53799E000C1E8E /* CERangeSliderTrack.m */,
				F40D640D1C53799E000C1E8E /* CETimeCountLayer.h */,
				F40D640E1C53799E000C1E8E /* CETimeCountLayer.m */,
				F40D641E1C5379E5000C1E8E /* JWRangeSliderViewController.h */,
				F40D641F1C5379E5000C1E8E /* JWRangeSliderViewController.m */,
			);
			path = DoubleSlider;
			sourceTree = "<group>";
		};
		F48AEC091C711DAE0044ACE8 /* Camera */ = {
			isa = PBXGroup;
			children = (
				F48AEC061C711D870044ACE8 /* JWAudioPlayerCameraController.h */,
				F48AEC071C711D870044ACE8 /* JWAudioPlayerCameraController.m */,
				F48AEC0A1C711DAE0044ACE8 /* JWCameraViewController.h */,
				F48AEC0B1C711DAE0044ACE8 /* JWCameraViewController.m */,
			);
			path = Camera;
			sourceTree = "<group>";
		};
		F48AEC4F1C765BAA0044ACE8 /* categories */ = {
			isa = PBXGroup;
			children = (
				5525FF091C3729980081FB23 /* AVAudioMixerNode+JW.h */,
				5525FF0A1C3729980081FB23 /* AVAudioMixerNode+JW.m */,
				5525FF0B1C3729980081FB23 /* AVAudioPlayerNode+JW.h */,
				5525FF0C1C3729980081FB23 /* AVAudioPlayerNode+JW.m */,
				5525FF0D1C3729980081FB23 /* AVAudioUnitDelay+JW.h */,
				5525FF0E1C3729980081FB23 /* AVAudioUnitDelay+JW.m */,
				5525FF0F1C3729980081FB23 /* AVAudioUnitDistortion+JW.h */,
				5525FF101C3729980081FB23 /* AVAudioUnitDistortion+JW.m */,
				5525FF111C3729980081FB23 /* AVAudioUnitReverb+JW.h */,
				5525FF121C3729980081FB23 /* AVAudioUnitReverb+JW.m */,
			);
			name = categories;
			sourceTree = "<group>";
		};
/* End PBXGroup section */

/* Begin PBXNativeTarget section */
		5525FE861C3727430081FB23 /* JamWDev */ = {
			isa = PBXNativeTarget;
			buildConfigurationList = 5525FEB71C3727430081FB23 /* Build configuration list for PBXNativeTarget "JamWDev" */;
			buildPhases = (
				5525FE831C3727430081FB23 /* Sources */,
				5525FE841C3727430081FB23 /* Frameworks */,
				5525FE851C3727430081FB23 /* Resources */,
			);
			buildRules = (
			);
			dependencies = (
			);
			name = JamWDev;
			productName = JWMixAudioScrubber;
			productReference = 5525FE871C3727430081FB23 /* JamWDevM.app */;
			productType = "com.apple.product-type.application";
		};
		5525FEA21C3727430081FB23 /* JamWDevTests */ = {
			isa = PBXNativeTarget;
			buildConfigurationList = 5525FEBA1C3727430081FB23 /* Build configuration list for PBXNativeTarget "JamWDevTests" */;
			buildPhases = (
				5525FE9F1C3727430081FB23 /* Sources */,
				5525FEA01C3727430081FB23 /* Frameworks */,
				5525FEA11C3727430081FB23 /* Resources */,
			);
			buildRules = (
			);
			dependencies = (
				5525FEA51C3727430081FB23 /* PBXTargetDependency */,
			);
			name = JamWDevTests;
			productName = JWMixAudioScrubberTests;
			productReference = 5525FEA31C3727430081FB23 /* JamWDev.xctest */;
			productType = "com.apple.product-type.bundle.unit-test";
		};
		5525FEAD1C3727430081FB23 /* JamWDevUITests */ = {
			isa = PBXNativeTarget;
			buildConfigurationList = 5525FEBD1C3727430081FB23 /* Build configuration list for PBXNativeTarget "JamWDevUITests" */;
			buildPhases = (
				5525FEAA1C3727430081FB23 /* Sources */,
				5525FEAB1C3727430081FB23 /* Frameworks */,
				5525FEAC1C3727430081FB23 /* Resources */,
			);
			buildRules = (
			);
			dependencies = (
				5525FEB01C3727430081FB23 /* PBXTargetDependency */,
			);
			name = JamWDevUITests;
			productName = JWMixAudioScrubberUITests;
			productReference = 5525FEAE1C3727430081FB23 /* JamWDev.xctest */;
			productType = "com.apple.product-type.bundle.ui-testing";
		};
/* End PBXNativeTarget section */

/* Begin PBXProject section */
		5525FE7F1C3727430081FB23 /* Project object */ = {
			isa = PBXProject;
			attributes = {
				LastUpgradeCheck = 0720;
				ORGANIZATIONNAME = "JOSEPH KERR";
				TargetAttributes = {
					5525FE861C3727430081FB23 = {
						CreatedOnToolsVersion = 7.2;
						DevelopmentTeam = CN6KC63QNP;
						SystemCapabilities = {
							com.apple.BackgroundModes = {
								enabled = 0;
							};
						};
					};
					5525FEA21C3727430081FB23 = {
						CreatedOnToolsVersion = 7.2;
						TestTargetID = 5525FE861C3727430081FB23;
					};
					5525FEAD1C3727430081FB23 = {
						CreatedOnToolsVersion = 7.2;
						TestTargetID = 5525FE861C3727430081FB23;
					};
				};
			};
			buildConfigurationList = 5525FE821C3727430081FB23 /* Build configuration list for PBXProject "JamWDev" */;
			compatibilityVersion = "Xcode 3.2";
			developmentRegion = English;
			hasScannedForEncodings = 0;
			knownRegions = (
				en,
				Base,
			);
			mainGroup = 5525FE7E1C3727430081FB23;
			productRefGroup = 5525FE881C3727430081FB23 /* Products */;
			projectDirPath = "";
			projectRoot = "";
			targets = (
				5525FE861C3727430081FB23 /* JamWDev */,
				5525FEA21C3727430081FB23 /* JamWDevTests */,
				5525FEAD1C3727430081FB23 /* JamWDevUITests */,
			);
		};
/* End PBXProject section */

/* Begin PBXResourcesBuildPhase section */
		5525FE851C3727430081FB23 /* Resources */ = {
			isa = PBXResourcesBuildPhase;
			buildActionMask = 2147483647;
			files = (
				55CD12841C3F7B31001662CF /* JWMedia.xcassets in Resources */,
				5525FE9D1C3727430081FB23 /* LaunchScreen.storyboard in Resources */,
				F48AEBFF1C6D077B0044ACE8 /* Server_Parameter_Ideas in Resources */,
				5525FF391C3746280081FB23 /* AminorBackingtrackTrimmedMP3-45.m4a in Resources */,
				5525FF401C3764870081FB23 /* clipRecording_killers2.caf in Resources */,
				5525FF3A1C3746280081FB23 /* TheKillersTrimmedMP3-30.m4a in Resources */,
				5525FF3F1C3764870081FB23 /* clipRecording_killers1.caf in Resources */,
				5525FF351C372AC00081FB23 /* trimmedMP3-45.m4a in Resources */,
				55CD12231C38DA74001662CF /* jwfullamps - 3.png in Resources */,
				55F41C261C5CC1C7002F3893 /* scrub_sq100_enh.png in Resources */,
				5525FF3E1C3764870081FB23 /* clipRecording_aminor1.caf in Resources */,
				55CD122A1C3F16B5001662CF /* YoutubeSearch.storyboard in Resources */,
				55CD12271C38DB39001662CF /* jwjustscreensandlogos - 2.png in Resources */,
				5525FE9A1C3727430081FB23 /* Assets.xcassets in Resources */,
				55CD122D1C3F17C7001662CF /* Other.storyboard in Resources */,
				5525FE981C3727430081FB23 /* Main.storyboard in Resources */,
				5525FF361C372AC00081FB23 /* trimmedMP3.m4a in Resources */,
			);
			runOnlyForDeploymentPostprocessing = 0;
		};
		5525FEA11C3727430081FB23 /* Resources */ = {
			isa = PBXResourcesBuildPhase;
			buildActionMask = 2147483647;
			files = (
			);
			runOnlyForDeploymentPostprocessing = 0;
		};
		5525FEAC1C3727430081FB23 /* Resources */ = {
			isa = PBXResourcesBuildPhase;
			buildActionMask = 2147483647;
			files = (
			);
			runOnlyForDeploymentPostprocessing = 0;
		};
/* End PBXResourcesBuildPhase section */

/* Begin PBXSourcesBuildPhase section */
		5525FE831C3727430081FB23 /* Sources */ = {
			isa = PBXSourcesBuildPhase;
			buildActionMask = 2147483647;
			files = (
				5525FF271C3729980081FB23 /* AVAudioPlayerNode+JW.m in Sources */,
				55CD12301C3F1A37001662CF /* JWFileController.m in Sources */,
				5525FF031C37298B0081FB23 /* JWEffectPresetTableViewCell.m in Sources */,
				5525FED51C3729130081FB23 /* JWAudioPlayerController.m in Sources */,
				5525FF2C1C3729980081FB23 /* JWAudioRecorderController.m in Sources */,
				55CD12821C3F742A001662CF /* JWTrackSetsViewController.m in Sources */,
				5525FEEE1C37295C0081FB23 /* JWScrubberClipEndsLayer.m in Sources */,
				5525FF291C3729980081FB23 /* AVAudioUnitDistortion+JW.m in Sources */,
				55CD12551C3F6D5E001662CF /* JWAmpItemViewController.m in Sources */,
				55CD12711C3F6D71001662CF /* JWYouTubeVideoData.m in Sources */,
				F40D64181C53799E000C1E8E /* CERangeSliderKnob.m in Sources */,
				5525FE8F1C3727430081FB23 /* AppDelegate.m in Sources */,
				5525FECC1C3728ED0081FB23 /* JWPlayerFileInfo.m in Sources */,
				5525FF301C3729980081FB23 /* JWMTAudioEngine.m in Sources */,
				5525FED61C3729130081FB23 /* JWLoopAudioPlayerController.m in Sources */,
				F48AEC051C711D6A0044ACE8 /* JWCustomCellBackground.m in Sources */,
				F40D64171C53799E000C1E8E /* CERangeSlider.m in Sources */,
				5525FEEC1C37295C0081FB23 /* JWPulseLightView.m in Sources */,
				5525FF311C3729980081FB23 /* JWMTEffectsAudioEngine.m in Sources */,
				55CD12771C3F6D84001662CF /* JWClipAudioController.m in Sources */,
				5525FF281C3729980081FB23 /* AVAudioUnitDelay+JW.m in Sources */,
				55F41C291C5D581D002F3893 /* JWActivityItemProvider.m in Sources */,
				55CD128C1C461D14001662CF /* JWScrubberTackModify.m in Sources */,
				55CD12571C3F6D5E001662CF /* JWFilesTableViewController.m in Sources */,
				5525FEEF1C37295C0081FB23 /* JWScrubberController.m in Sources */,
				55CD12561C3F6D5E001662CF /* JWAmpPageViewController.m in Sources */,
				55CD127B1C3F6EBD001662CF /* JWCurrentWorkItem.m in Sources */,
				5525FECD1C3728ED0081FB23 /* JWUITransportButton.m in Sources */,
				55CD12871C42AD71001662CF /* JWSourceAudioListsViewController.m in Sources */,
				55F41C221C51EBD2002F3893 /* JWOtherTableViewController.m in Sources */,
				5525FF071C37298B0081FB23 /* JWSliderTableViewCell.m in Sources */,
				55CD12781C3F6D84001662CF /* JWClipAudioViewController.m in Sources */,
				55CD126E1C3F6D71001662CF /* JWYoutubeMP3ConvertController.m in Sources */,
				F48AEC081C711D870044ACE8 /* JWAudioPlayerCameraController.m in Sources */,
				5525FEF11C37295C0081FB23 /* JWScrubberGradientLayer.m in Sources */,
				5525FEF01C37295C0081FB23 /* JWScrubberDemoController.m in Sources */,
				F48AEC0C1C711DAE0044ACE8 /* JWCameraViewController.m in Sources */,
				5525FE921C3727430081FB23 /* MasterViewController.m in Sources */,
				5525FE8C1C3727430081FB23 /* main.m in Sources */,
				55F41C2C1C5D5C5A002F3893 /* JWFileTransferActivity.m in Sources */,
				5525FEED1C37295C0081FB23 /* JWScalingVisualAudioBufferView.m in Sources */,
				5525FEEB1C37295C0081FB23 /* JWBufferSampler.m in Sources */,
				55CD12701C3F6D71001662CF /* JWYouTubeSearchTypingData.m in Sources */,
				5525FF2B1C3729980081FB23 /* JWAudioEngine.m in Sources */,
				5525FF081C37298B0081FB23 /* JWTableHeaderView.m in Sources */,
				5525FF321C3729980081FB23 /* JWPlayerNode.m in Sources */,
				55CD126C1C3F6D71001662CF /* JWSourceAudioFilesTableViewController.m in Sources */,
				F40D641A1C53799E000C1E8E /* CETimeCountLayer.m in Sources */,
				5510ED791C72EFCD0042C3B5 /* JWRangeSliderViewController.m in Sources */,
				F40D64261C574AC5000C1E8E /* JWClipAudioHelperViewController.m in Sources */,
				55CD126D1C3F6D71001662CF /* JWURLManip.m in Sources */,
				55CD12721C3F6D71001662CF /* JWYTSearchTypingViewController.m in Sources */,
				F4F2D51E1C9142EF00D0AC99 /* JWEffectPresetsTableViewController.m in Sources */,
				55CD126F1C3F6D71001662CF /* JWYoutubeMP3ViewController.m in Sources */,
				5525FEF31C37295C0081FB23 /* JWVisualAudioBufferView.m in Sources */,
				5525FED71C3729130081FB23 /* JWPlayerControlsViewController.m in Sources */,
				F48AEC041C711D6A0044ACE8 /* JWCommon.m in Sources */,
				5525FF061C37298B0081FB23 /* JWSliderAndSwitchTableViewCell.m in Sources */,
				5525FF261C3729980081FB23 /* AVAudioMixerNode+JW.m in Sources */,
				5525FF2A1C3729980081FB23 /* AVAudioUnitReverb+JW.m in Sources */,
				5525FF021C37298B0081FB23 /* JWEffectParametersTableViewCell.m in Sources */,
				F40D64191C53799E000C1E8E /* CERangeSliderTrack.m in Sources */,
				5525FF051C37298B0081FB23 /* JWRecorderTableViewCell.m in Sources */,
				5525FEF21C37295C0081FB23 /* JWScrubberViewController.m in Sources */,
				55CD126A1C3F6D71001662CF /* JWFileDowloadController.m in Sources */,
				5525FE951C3727430081FB23 /* DetailViewController.m in Sources */,
				55F41C1F1C51D9D0002F3893 /* UIColor+JW.m in Sources */,
				5525FF041C37298B0081FB23 /* JWMixEditTableViewController.m in Sources */,
				55CD12DD1C4A588A001662CF /* JWHeaderFooterView.m in Sources */,
			);
			runOnlyForDeploymentPostprocessing = 0;
		};
		5525FE9F1C3727430081FB23 /* Sources */ = {
			isa = PBXSourcesBuildPhase;
			buildActionMask = 2147483647;
			files = (
				5525FEA81C3727430081FB23 /* JWMixAudioScrubberTests.m in Sources */,
			);
			runOnlyForDeploymentPostprocessing = 0;
		};
		5525FEAA1C3727430081FB23 /* Sources */ = {
			isa = PBXSourcesBuildPhase;
			buildActionMask = 2147483647;
			files = (
				5525FEB31C3727430081FB23 /* JWMixAudioScrubberUITests.m in Sources */,
			);
			runOnlyForDeploymentPostprocessing = 0;
		};
/* End PBXSourcesBuildPhase section */

/* Begin PBXTargetDependency section */
		5525FEA51C3727430081FB23 /* PBXTargetDependency */ = {
			isa = PBXTargetDependency;
			target = 5525FE861C3727430081FB23 /* JamWDev */;
			targetProxy = 5525FEA41C3727430081FB23 /* PBXContainerItemProxy */;
		};
		5525FEB01C3727430081FB23 /* PBXTargetDependency */ = {
			isa = PBXTargetDependency;
			target = 5525FE861C3727430081FB23 /* JamWDev */;
			targetProxy = 5525FEAF1C3727430081FB23 /* PBXContainerItemProxy */;
		};
/* End PBXTargetDependency section */

/* Begin PBXVariantGroup section */
		5525FE961C3727430081FB23 /* Main.storyboard */ = {
			isa = PBXVariantGroup;
			children = (
				5525FE971C3727430081FB23 /* Base */,
			);
			name = Main.storyboard;
			sourceTree = "<group>";
		};
		5525FE9B1C3727430081FB23 /* LaunchScreen.storyboard */ = {
			isa = PBXVariantGroup;
			children = (
				5525FE9C1C3727430081FB23 /* Base */,
			);
			name = LaunchScreen.storyboard;
			sourceTree = "<group>";
		};
		55CD12281C3F16B5001662CF /* YoutubeSearch.storyboard */ = {
			isa = PBXVariantGroup;
			children = (
				55CD12291C3F16B5001662CF /* Base */,
			);
			name = YoutubeSearch.storyboard;
			sourceTree = "<group>";
		};
		55CD122B1C3F17C7001662CF /* Other.storyboard */ = {
			isa = PBXVariantGroup;
			children = (
				55CD122C1C3F17C7001662CF /* Base */,
			);
			name = Other.storyboard;
			sourceTree = "<group>";
		};
/* End PBXVariantGroup section */

/* Begin XCBuildConfiguration section */
		5525FEB51C3727430081FB23 /* Debug */ = {
			isa = XCBuildConfiguration;
			buildSettings = {
				ALWAYS_SEARCH_USER_PATHS = NO;
				CLANG_CXX_LANGUAGE_STANDARD = "gnu++0x";
				CLANG_CXX_LIBRARY = "libc++";
				CLANG_ENABLE_MODULES = YES;
				CLANG_ENABLE_OBJC_ARC = YES;
				CLANG_WARN_BOOL_CONVERSION = YES;
				CLANG_WARN_CONSTANT_CONVERSION = YES;
				CLANG_WARN_DIRECT_OBJC_ISA_USAGE = YES_ERROR;
				CLANG_WARN_EMPTY_BODY = YES;
				CLANG_WARN_ENUM_CONVERSION = YES;
				CLANG_WARN_INT_CONVERSION = YES;
				CLANG_WARN_OBJC_ROOT_CLASS = YES_ERROR;
				CLANG_WARN_UNREACHABLE_CODE = YES;
				CLANG_WARN__DUPLICATE_METHOD_MATCH = YES;
				"CODE_SIGN_IDENTITY[sdk=iphoneos*]" = "iPhone Developer";
				COPY_PHASE_STRIP = NO;
				DEBUG_INFORMATION_FORMAT = dwarf;
				ENABLE_STRICT_OBJC_MSGSEND = YES;
				ENABLE_TESTABILITY = YES;
				GCC_C_LANGUAGE_STANDARD = gnu99;
				GCC_DYNAMIC_NO_PIC = NO;
				GCC_NO_COMMON_BLOCKS = YES;
				GCC_OPTIMIZATION_LEVEL = 0;
				GCC_PREPROCESSOR_DEFINITIONS = (
					"DEBUG=1",
					"$(inherited)",
				);
				GCC_WARN_64_TO_32_BIT_CONVERSION = YES;
				GCC_WARN_ABOUT_RETURN_TYPE = YES_ERROR;
				GCC_WARN_UNDECLARED_SELECTOR = YES;
				GCC_WARN_UNINITIALIZED_AUTOS = YES_AGGRESSIVE;
				GCC_WARN_UNUSED_FUNCTION = YES;
				GCC_WARN_UNUSED_VARIABLE = YES;
				IPHONEOS_DEPLOYMENT_TARGET = 9.2;
				MTL_ENABLE_DEBUG_INFO = YES;
				ONLY_ACTIVE_ARCH = YES;
				SDKROOT = iphoneos;
				TARGETED_DEVICE_FAMILY = "1,2";
			};
			name = Debug;
		};
		5525FEB61C3727430081FB23 /* Release */ = {
			isa = XCBuildConfiguration;
			buildSettings = {
				ALWAYS_SEARCH_USER_PATHS = NO;
				CLANG_CXX_LANGUAGE_STANDARD = "gnu++0x";
				CLANG_CXX_LIBRARY = "libc++";
				CLANG_ENABLE_MODULES = YES;
				CLANG_ENABLE_OBJC_ARC = YES;
				CLANG_WARN_BOOL_CONVERSION = YES;
				CLANG_WARN_CONSTANT_CONVERSION = YES;
				CLANG_WARN_DIRECT_OBJC_ISA_USAGE = YES_ERROR;
				CLANG_WARN_EMPTY_BODY = YES;
				CLANG_WARN_ENUM_CONVERSION = YES;
				CLANG_WARN_INT_CONVERSION = YES;
				CLANG_WARN_OBJC_ROOT_CLASS = YES_ERROR;
				CLANG_WARN_UNREACHABLE_CODE = YES;
				CLANG_WARN__DUPLICATE_METHOD_MATCH = YES;
				"CODE_SIGN_IDENTITY[sdk=iphoneos*]" = "iPhone Developer";
				COPY_PHASE_STRIP = NO;
				DEBUG_INFORMATION_FORMAT = "dwarf-with-dsym";
				ENABLE_NS_ASSERTIONS = NO;
				ENABLE_STRICT_OBJC_MSGSEND = YES;
				GCC_C_LANGUAGE_STANDARD = gnu99;
				GCC_NO_COMMON_BLOCKS = YES;
				GCC_WARN_64_TO_32_BIT_CONVERSION = YES;
				GCC_WARN_ABOUT_RETURN_TYPE = YES_ERROR;
				GCC_WARN_UNDECLARED_SELECTOR = YES;
				GCC_WARN_UNINITIALIZED_AUTOS = YES_AGGRESSIVE;
				GCC_WARN_UNUSED_FUNCTION = YES;
				GCC_WARN_UNUSED_VARIABLE = YES;
				IPHONEOS_DEPLOYMENT_TARGET = 9.2;
				MTL_ENABLE_DEBUG_INFO = NO;
				SDKROOT = iphoneos;
				TARGETED_DEVICE_FAMILY = "1,2";
				VALIDATE_PRODUCT = YES;
			};
			name = Release;
		};
		5525FEB81C3727430081FB23 /* Debug */ = {
			isa = XCBuildConfiguration;
			buildSettings = {
				ASSETCATALOG_COMPILER_APPICON_NAME = AppIcon;
				CODE_SIGN_IDENTITY = "iPhone Developer";
				"CODE_SIGN_IDENTITY[sdk=iphoneos*]" = "iPhone Developer";
				INFOPLIST_FILE = JWMixAudioScrubber/Info.plist;
				IPHONEOS_DEPLOYMENT_TARGET = 9.0;
				LD_RUNPATH_SEARCH_PATHS = "$(inherited) @executable_path/Frameworks";
				PRODUCT_BUNDLE_IDENTIFIER = joker.JamWDevM;
				PRODUCT_NAME = JamWDevM;
			};
			name = Debug;
		};
		5525FEB91C3727430081FB23 /* Release */ = {
			isa = XCBuildConfiguration;
			buildSettings = {
				ASSETCATALOG_COMPILER_APPICON_NAME = AppIcon;
				CODE_SIGN_IDENTITY = "iPhone Developer";
				"CODE_SIGN_IDENTITY[sdk=iphoneos*]" = "iPhone Developer";
				INFOPLIST_FILE = JWMixAudioScrubber/Info.plist;
				IPHONEOS_DEPLOYMENT_TARGET = 9.0;
				LD_RUNPATH_SEARCH_PATHS = "$(inherited) @executable_path/Frameworks";
				PRODUCT_BUNDLE_IDENTIFIER = joker.JamWDevM;
				PRODUCT_NAME = JamWDevM;
			};
			name = Release;
		};
		5525FEBB1C3727430081FB23 /* Debug */ = {
			isa = XCBuildConfiguration;
			buildSettings = {
				BUNDLE_LOADER = "$(TEST_HOST)";
				INFOPLIST_FILE = JWMixAudioScrubberTests/Info.plist;
				LD_RUNPATH_SEARCH_PATHS = "$(inherited) @executable_path/Frameworks @loader_path/Frameworks";
				PRODUCT_BUNDLE_IDENTIFIER = joker.JWMixAudioScrubberTests;
				PRODUCT_NAME = JamWDev;
				TEST_HOST = "$(BUILT_PRODUCTS_DIR)/JamWDev.app/JamWDev";
			};
			name = Debug;
		};
		5525FEBC1C3727430081FB23 /* Release */ = {
			isa = XCBuildConfiguration;
			buildSettings = {
				BUNDLE_LOADER = "$(TEST_HOST)";
				INFOPLIST_FILE = JWMixAudioScrubberTests/Info.plist;
				LD_RUNPATH_SEARCH_PATHS = "$(inherited) @executable_path/Frameworks @loader_path/Frameworks";
				PRODUCT_BUNDLE_IDENTIFIER = joker.JWMixAudioScrubberTests;
				PRODUCT_NAME = JamWDev;
				TEST_HOST = "$(BUILT_PRODUCTS_DIR)/JamWDev.app/JamWDev";
			};
			name = Release;
		};
		5525FEBE1C3727430081FB23 /* Debug */ = {
			isa = XCBuildConfiguration;
			buildSettings = {
				INFOPLIST_FILE = JWMixAudioScrubberUITests/Info.plist;
				LD_RUNPATH_SEARCH_PATHS = "$(inherited) @executable_path/Frameworks @loader_path/Frameworks";
				PRODUCT_BUNDLE_IDENTIFIER = joker.JWMixAudioScrubberUITests;
				PRODUCT_NAME = JamWDev;
				TEST_TARGET_NAME = JWMixAudioScrubber;
				USES_XCTRUNNER = YES;
			};
			name = Debug;
		};
		5525FEBF1C3727430081FB23 /* Release */ = {
			isa = XCBuildConfiguration;
			buildSettings = {
				INFOPLIST_FILE = JWMixAudioScrubberUITests/Info.plist;
				LD_RUNPATH_SEARCH_PATHS = "$(inherited) @executable_path/Frameworks @loader_path/Frameworks";
				PRODUCT_BUNDLE_IDENTIFIER = joker.JWMixAudioScrubberUITests;
				PRODUCT_NAME = JamWDev;
				TEST_TARGET_NAME = JWMixAudioScrubber;
				USES_XCTRUNNER = YES;
			};
			name = Release;
		};
/* End XCBuildConfiguration section */

/* Begin XCConfigurationList section */
		5525FE821C3727430081FB23 /* Build configuration list for PBXProject "JamWDev" */ = {
			isa = XCConfigurationList;
			buildConfigurations = (
				5525FEB51C3727430081FB23 /* Debug */,
				5525FEB61C3727430081FB23 /* Release */,
			);
			defaultConfigurationIsVisible = 0;
			defaultConfigurationName = Release;
		};
		5525FEB71C3727430081FB23 /* Build configuration list for PBXNativeTarget "JamWDev" */ = {
			isa = XCConfigurationList;
			buildConfigurations = (
				5525FEB81C3727430081FB23 /* Debug */,
				5525FEB91C3727430081FB23 /* Release */,
			);
			defaultConfigurationIsVisible = 0;
			defaultConfigurationName = Release;
		};
		5525FEBA1C3727430081FB23 /* Build configuration list for PBXNativeTarget "JamWDevTests" */ = {
			isa = XCConfigurationList;
			buildConfigurations = (
				5525FEBB1C3727430081FB23 /* Debug */,
				5525FEBC1C3727430081FB23 /* Release */,
			);
			defaultConfigurationIsVisible = 0;
			defaultConfigurationName = Release;
		};
		5525FEBD1C3727430081FB23 /* Build configuration list for PBXNativeTarget "JamWDevUITests" */ = {
			isa = XCConfigurationList;
			buildConfigurations = (
				5525FEBE1C3727430081FB23 /* Debug */,
				5525FEBF1C3727430081FB23 /* Release */,
			);
			defaultConfigurationIsVisible = 0;
			defaultConfigurationName = Release;
		};
/* End XCConfigurationList section */
	};
	rootObject = 5525FE7F1C3727430081FB23 /* Project object */;
}
